// !$*UTF8*$!
{
	archiveVersion = 1;
	classes = {
	};
	objectVersion = 77;
	objects = {

/* Begin PBXBuildFile section */
		5B64A2A42FF01A9A00A10001 /* THIRD_PARTY_NOTICES.md in Resources */ = {isa = PBXBuildFile; fileRef = 5B64A2A32FF01A9A00A10001 /* THIRD_PARTY_NOTICES.md */; };
		8E70C9122F62B1DB00E9E555 /* LaunchLogo.png in Resources */ = {isa = PBXBuildFile; fileRef = 8E70C9132F62B1DB00E9E555 /* LaunchLogo.png */; };
		8E70C9142F62B1DB00E9E555 /* LaunchLogo.png in Resources */ = {isa = PBXBuildFile; fileRef = 8E70C9132F62B1DB00E9E555 /* LaunchLogo.png */; };
		8E7DB1A22F809A1C009E3576 /* KeyVox Share.appex in Embed Foundation Extensions */ = {isa = PBXBuildFile; fileRef = 8E7DB1982F809A1C009E3576 /* KeyVox Share.appex */; settings = {ATTRIBUTES = (RemoveHeadersOnCopy, ); }; };
		8E7DB28E2F80FBE0009E3576 /* SwiftSoup in Frameworks */ = {isa = PBXBuildFile; productRef = 8E7DB28D2F80FBE0009E3576 /* SwiftSoup */; };
		8E7EC0562F5C28B00080C762 /* KeyVox Keyboard.appex in Embed Foundation Extensions */ = {isa = PBXBuildFile; fileRef = 8E7EC04F2F5C28B00080C762 /* KeyVox Keyboard.appex */; settings = {ATTRIBUTES = (RemoveHeadersOnCopy, ); }; };
		8E97944B2F66B54A009A691D /* WidgetKit.framework in Frameworks */ = {isa = PBXBuildFile; fileRef = 8E97944A2F66B549009A691D /* WidgetKit.framework */; };
		8E97944D2F66B54A009A691D /* SwiftUI.framework in Frameworks */ = {isa = PBXBuildFile; fileRef = 8E97944C2F66B54A009A691D /* SwiftUI.framework */; };
		8E97945E2F66B54C009A691D /* KeyVox Widget.appex in Embed Foundation Extensions */ = {isa = PBXBuildFile; fileRef = 8E9794482F66B549009A691D /* KeyVox Widget.appex */; settings = {ATTRIBUTES = (RemoveHeadersOnCopy, ); }; };
		8E9E38962F5BF56600EAFA72 /* KeyVoxCore in Frameworks */ = {isa = PBXBuildFile; productRef = 8E9E38952F5BF56600EAFA72 /* KeyVoxCore */; };
		8ED2F10A2F7F4F1C00256F9E /* KeyVoxTTS in Frameworks */ = {isa = PBXBuildFile; productRef = 8ED2F1092F7F4F1C00256F9E /* KeyVoxTTS */; };
		8EECE7332F64020900BECF17 /* Launch Screen.storyboard in Resources */ = {isa = PBXBuildFile; fileRef = 8EECE7322F64020900BECF17 /* Launch Screen.storyboard */; };
		8EECE7342F64020900BECF17 /* Launch Screen.storyboard in Resources */ = {isa = PBXBuildFile; fileRef = 8EECE7322F64020900BECF17 /* Launch Screen.storyboard */; };
		9A7000012FA6000100AA0001 /* ZIPFoundation in Frameworks */ = {isa = PBXBuildFile; productRef = 9A7000022FA6000100AA0001 /* ZIPFoundation */; };
/* End PBXBuildFile section */

/* Begin PBXContainerItemProxy section */
		8E7DB1A02F809A1C009E3576 /* PBXContainerItemProxy */ = {
			isa = PBXContainerItemProxy;
			containerPortal = 8E9E384A2F5BF1F000EAFA72 /* Project object */;
			proxyType = 1;
			remoteGlobalIDString = 8E7DB1972F809A1C009E3576;
			remoteInfo = "KeyVox Share";
		};
		8E7EC0542F5C28B00080C762 /* PBXContainerItemProxy */ = {
			isa = PBXContainerItemProxy;
			containerPortal = 8E9E384A2F5BF1F000EAFA72 /* Project object */;
			proxyType = 1;
			remoteGlobalIDString = 8E7EC04E2F5C28B00080C762;
			remoteInfo = "KeyVox Keyboard";
		};
		8E97945C2F66B54C009A691D /* PBXContainerItemProxy */ = {
			isa = PBXContainerItemProxy;
			containerPortal = 8E9E384A2F5BF1F000EAFA72 /* Project object */;
			proxyType = 1;
			remoteGlobalIDString = 8E9794472F66B549009A691D;
			remoteInfo = "KeyVox WidgetExtension";
		};
		8E9E38602F5BF1F200EAFA72 /* PBXContainerItemProxy */ = {
			isa = PBXContainerItemProxy;
			containerPortal = 8E9E384A2F5BF1F000EAFA72 /* Project object */;
			proxyType = 1;
			remoteGlobalIDString = 8E9E38512F5BF1F000EAFA72;
			remoteInfo = KeyVox;
		};
/* End PBXContainerItemProxy section */

/* Begin PBXCopyFilesBuildPhase section */
		8E7DC73B2F827B11009E3576 /* Embed ExtensionKit Extensions */ = {
			isa = PBXCopyFilesBuildPhase;
			buildActionMask = 2147483647;
			dstPath = "$(EXTENSIONS_FOLDER_PATH)";
			dstSubfolderSpec = 16;
			files = (
			);
			name = "Embed ExtensionKit Extensions";
			runOnlyForDeploymentPostprocessing = 0;
		};
		8E7EC0572F5C28B00080C762 /* Embed Foundation Extensions */ = {
			isa = PBXCopyFilesBuildPhase;
			buildActionMask = 2147483647;
			dstPath = "";
			dstSubfolderSpec = 13;
			files = (
				8E7EC0562F5C28B00080C762 /* KeyVox Keyboard.appex in Embed Foundation Extensions */,
				8E97945E2F66B54C009A691D /* KeyVox Widget.appex in Embed Foundation Extensions */,
				8E7DB1A22F809A1C009E3576 /* KeyVox Share.appex in Embed Foundation Extensions */,
			);
			name = "Embed Foundation Extensions";
			runOnlyForDeploymentPostprocessing = 0;
		};
/* End PBXCopyFilesBuildPhase section */

/* Begin PBXFileReference section */
		5B64A2A32FF01A9A00A10001 /* THIRD_PARTY_NOTICES.md */ = {isa = PBXFileReference; lastKnownFileType = text; name = THIRD_PARTY_NOTICES.md; path = ../THIRD_PARTY_NOTICES.md; sourceTree = "<group>"; };
		8E70C9132F62B1DB00E9E555 /* LaunchLogo.png */ = {isa = PBXFileReference; lastKnownFileType = image.png; path = LaunchLogo.png; sourceTree = "<group>"; };
		8E7DB1982F809A1C009E3576 /* KeyVox Share.appex */ = {isa = PBXFileReference; explicitFileType = "wrapper.app-extension"; includeInIndex = 0; path = "KeyVox Share.appex"; sourceTree = BUILT_PRODUCTS_DIR; };
		8E7EC04F2F5C28B00080C762 /* KeyVox Keyboard.appex */ = {isa = PBXFileReference; explicitFileType = "wrapper.app-extension"; includeInIndex = 0; path = "KeyVox Keyboard.appex"; sourceTree = BUILT_PRODUCTS_DIR; };
		8E9794482F66B549009A691D /* KeyVox Widget.appex */ = {isa = PBXFileReference; explicitFileType = "wrapper.app-extension"; includeInIndex = 0; path = "KeyVox Widget.appex"; sourceTree = BUILT_PRODUCTS_DIR; };
		8E97944A2F66B549009A691D /* WidgetKit.framework */ = {isa = PBXFileReference; lastKnownFileType = wrapper.framework; name = WidgetKit.framework; path = System/Library/Frameworks/WidgetKit.framework; sourceTree = SDKROOT; };
		8E97944C2F66B54A009A691D /* SwiftUI.framework */ = {isa = PBXFileReference; lastKnownFileType = wrapper.framework; name = SwiftUI.framework; path = System/Library/Frameworks/SwiftUI.framework; sourceTree = SDKROOT; };
		8E9E38522F5BF1F000EAFA72 /* KeyVox iOS.app */ = {isa = PBXFileReference; explicitFileType = wrapper.application; includeInIndex = 0; path = "KeyVox iOS.app"; sourceTree = BUILT_PRODUCTS_DIR; };
		8E9E385F2F5BF1F200EAFA72 /* KeyVox iOSTests.xctest */ = {isa = PBXFileReference; explicitFileType = wrapper.cfbundle; includeInIndex = 0; path = "KeyVox iOSTests.xctest"; sourceTree = BUILT_PRODUCTS_DIR; };
		8EECE7322F64020900BECF17 /* Launch Screen.storyboard */ = {isa = PBXFileReference; lastKnownFileType = file.storyboard; path = "Launch Screen.storyboard"; sourceTree = "<group>"; };
/* End PBXFileReference section */

/* Begin PBXFileSystemSynchronizedBuildFileExceptionSet section */
		8E10F5912F65C82E00A0AA65 /* Exceptions for "KeyVox Keyboard" folder in "KeyVox iOSTests" target */ = {
			isa = PBXFileSystemSynchronizedBuildFileExceptionSet;
			membershipExceptions = (
				App/KeyboardContainingAppLauncher.swift,
				App/KeyboardViewController.swift,
				"App/KeyboardViewController+Debug.swift",
				"App/KeyboardViewController+PresentationLifecycle.swift",
				Core/Dictation/AudioIndicatorDriver.swift,
				Core/Dictation/KeyboardCallObserver.swift,
				Core/Dictation/KeyboardDictationController.swift,
				Core/Feedback/KeyboardHapticsSettingsStore.swift,
				Core/Feedback/KeyboardInteractionHaptics.swift,
				Core/Feedback/KeyboardKeypressHaptics.swift,
				Core/Input/KeyboardCursorTrackpadSupport.swift,
				Core/Input/KeyboardSpecialKeyInteractionSupport.swift,
				Core/Input/KeyboardTextInputController.swift,
				Core/KeyboardLayoutGeometry.swift,
				Core/KeyboardModelAvailability.swift,
				Core/KeyboardState.swift,
				Core/KeyboardStyle.swift,
				Core/KeyboardSymbolLayout.swift,
				Core/KeyboardToolbarMode.swift,
				Core/KeyboardTypography.swift,
				Core/Text/KeyboardCapsLockStateStore.swift,
				Core/Text/KeyboardDictionaryCasingStore.swift,
				Core/Text/KeyboardInsertionCapitalizationHeuristics.swift,
				Core/Text/KeyboardInsertionSpacingHeuristics.swift,
				Core/Transport/KeyboardIPCManager.swift,
				Core/Transport/KeyboardTransportDisplayState.swift,
				Core/Transport/KeyboardTTSController.swift,
				Views/Components/KeyboardCancelButton.swift,
				Views/Components/KeyboardCapsLockButton.swift,
				Views/Components/KeyboardHitTargetButton.swift,
				Views/Components/KeyboardKeyGridView.swift,
				Views/Components/KeyboardKeyPopupView.swift,
				Views/Components/KeyboardKeyView.swift,
				Views/Components/KeyboardLogoBarView.swift,
				Views/Components/KeyboardRoundedBorderRenderer.swift,
				Views/Components/KeyboardSpeakButton.swift,
				Views/FullAccessView.swift,
				Views/KeyboardInputHostView.swift,
				Views/KeyboardRootView.swift,
			);
			target = 8E9E385E2F5BF1F200EAFA72 /* KeyVox iOSTests */;
		};
		8E7DB1A62F809A1C009E3576 /* Exceptions for "KeyVox Share" folder in "KeyVox Share" target */ = {
			isa = PBXFileSystemSynchronizedBuildFileExceptionSet;
			membershipExceptions = (
				Info.plist,
			);
			target = 8E7DB1972F809A1C009E3576 /* KeyVox Share */;
		};
		8E7DB73D2F81EAF7009E3576 /* Exceptions for "KeyVox iOS" folder in "KeyVox iOS" target */ = {
			isa = PBXFileSystemSynchronizedBuildFileExceptionSet;
			membershipExceptions = (
				Info.plist,
			);
			target = 8E9E38512F5BF1F000EAFA72 /* KeyVox iOS */;
		};
		8E7DB73E2F81EAF7009E3576 /* Exceptions for "KeyVox iOS" folder in "KeyVox iOSTests" target */ = {
			isa = PBXFileSystemSynchronizedBuildFileExceptionSet;
			membershipExceptions = (
				App/iCloud/UserDefaultsKeys.swift,
				App/Integration/KeyVoxIPCBridge.swift,
				App/Integration/KeyVoxTTSRequest.swift,
				App/LiveActivity/KeyVoxSessionLiveActivityAttributes.swift,
				App/LiveActivity/KeyVoxSessionLiveActivityCoordinator.swift,
				Resources/Assets.xcassets,
				"Resources/Kanit-Light.ttf",
				"Resources/Kanit-Medium.ttf",
				Resources/keyvox.icon,
				Resources/ReturnToHost.mov,
			);
			target = 8E9E385E2F5BF1F200EAFA72 /* KeyVox iOSTests */;
		};
		8E7DB73F2F81EAF7009E3576 /* Exceptions for "KeyVox iOS" folder in "KeyVox Keyboard" target */ = {
			isa = PBXFileSystemSynchronizedBuildFileExceptionSet;
			membershipExceptions = (
				App/iCloud/UserDefaultsKeys.swift,
				App/Integration/KeyVoxIPCBridge.swift,
				App/Integration/KeyVoxTTSRequest.swift,
				Resources/Assets.xcassets,
				"Resources/Kanit-Light.ttf",
				"Resources/Kanit-Medium.ttf",
				Resources/keyvox.icon,
			);
			target = 8E7EC04E2F5C28B00080C762 /* KeyVox Keyboard */;
		};
		8E7DB7402F81EAF7009E3576 /* Exceptions for "KeyVox iOS" folder in "KeyVox Widget" target */ = {
			isa = PBXFileSystemSynchronizedBuildFileExceptionSet;
			membershipExceptions = (
				App/Integration/KeyVoxIPCBridge.swift,
				App/Integration/KeyVoxTTSRequest.swift,
				App/LiveActivity/KeyVoxSessionLiveActivityAttributes.swift,
				"Resources/Kanit-Light.ttf",
				"Resources/Kanit-Medium.ttf",
				Resources/keyvox.icon,
			);
			target = 8E9794472F66B549009A691D /* KeyVox Widget */;
		};
		8E7DB7412F81EAF7009E3576 /* Exceptions for "KeyVox iOS" folder in "KeyVox Share" target */ = {
			isa = PBXFileSystemSynchronizedBuildFileExceptionSet;
			membershipExceptions = (
				App/iCloud/KeyVoxPlaybackVoice.swift,
				App/Integration/KeyVoxTTSRequest.swift,
				Resources/Assets.xcassets,
				"Resources/Kanit-Light.ttf",
				"Resources/Kanit-Medium.ttf",
			);
			target = 8E7DB1972F809A1C009E3576 /* KeyVox Share */;
		};
		8E7EC05A2F5C28B00080C762 /* Exceptions for "KeyVox Keyboard" folder in "KeyVox Keyboard" target */ = {
			isa = PBXFileSystemSynchronizedBuildFileExceptionSet;
			membershipExceptions = (
				Info.plist,
			);
			target = 8E7EC04E2F5C28B00080C762 /* KeyVox Keyboard */;
		};
		8E9794622F66B54C009A691D /* Exceptions for "KeyVox Widget" folder in "KeyVox Widget" target */ = {
			isa = PBXFileSystemSynchronizedBuildFileExceptionSet;
			membershipExceptions = (
				Info.plist,
			);
			target = 8E9794472F66B549009A691D /* KeyVox Widget */;
		};
		8E9794682F66BA5B009A691D /* Exceptions for "KeyVox Widget" folder in "KeyVox iOSTests" target */ = {
			isa = PBXFileSystemSynchronizedBuildFileExceptionSet;
			membershipExceptions = (
				AppIntent.swift,
				KeyVox_WidgetBundle.swift,
				KeyVox_WidgetLiveActivity.swift,
			);
			target = 8E9E385E2F5BF1F200EAFA72 /* KeyVox iOSTests */;
		};
/* End PBXFileSystemSynchronizedBuildFileExceptionSet section */

/* Begin PBXFileSystemSynchronizedRootGroup section */
		8E7DB1992F809A1C009E3576 /* KeyVox Share */ = {
			isa = PBXFileSystemSynchronizedRootGroup;
			exceptions = (
				8E7DB1A62F809A1C009E3576 /* Exceptions for "KeyVox Share" folder in "KeyVox Share" target */,
			);
			path = "KeyVox Share";
			sourceTree = "<group>";
		};
		8E7DB6AB2F81EAF6009E3576 /* KeyVox iOS */ = {
			isa = PBXFileSystemSynchronizedRootGroup;
			exceptions = (
				8E7DB73D2F81EAF7009E3576 /* Exceptions for "KeyVox iOS" folder in "KeyVox iOS" target */,
				8E7DB73E2F81EAF7009E3576 /* Exceptions for "KeyVox iOS" folder in "KeyVox iOSTests" target */,
				8E7DB73F2F81EAF7009E3576 /* Exceptions for "KeyVox iOS" folder in "KeyVox Keyboard" target */,
				8E7DB7402F81EAF7009E3576 /* Exceptions for "KeyVox iOS" folder in "KeyVox Widget" target */,
				8E7DB7412F81EAF7009E3576 /* Exceptions for "KeyVox iOS" folder in "KeyVox Share" target */,
			);
			explicitFolders = (
				Resources/TTSVoicePreviews,
			);
			path = "KeyVox iOS";
			sourceTree = "<group>";
		};
		8E7EC0502F5C28B00080C762 /* KeyVox Keyboard */ = {
			isa = PBXFileSystemSynchronizedRootGroup;
			exceptions = (
				8E10F5912F65C82E00A0AA65 /* Exceptions for "KeyVox Keyboard" folder in "KeyVox iOSTests" target */,
				8E7EC05A2F5C28B00080C762 /* Exceptions for "KeyVox Keyboard" folder in "KeyVox Keyboard" target */,
			);
			path = "KeyVox Keyboard";
			sourceTree = "<group>";
		};
		8E97944E2F66B54A009A691D /* KeyVox Widget */ = {
			isa = PBXFileSystemSynchronizedRootGroup;
			exceptions = (
				8E9794682F66BA5B009A691D /* Exceptions for "KeyVox Widget" folder in "KeyVox iOSTests" target */,
				8E9794622F66B54C009A691D /* Exceptions for "KeyVox Widget" folder in "KeyVox Widget" target */,
			);
			path = "KeyVox Widget";
			sourceTree = "<group>";
		};
		8E9E38622F5BF1F200EAFA72 /* KeyVoxiOSTests */ = {
			isa = PBXFileSystemSynchronizedRootGroup;
			path = KeyVoxiOSTests;
			sourceTree = "<group>";
		};
/* End PBXFileSystemSynchronizedRootGroup section */

/* Begin PBXFrameworksBuildPhase section */
		8E7DB1952F809A1C009E3576 /* Frameworks */ = {
			isa = PBXFrameworksBuildPhase;
			buildActionMask = 2147483647;
			files = (
				8E7DB28E2F80FBE0009E3576 /* SwiftSoup in Frameworks */,
			);
			runOnlyForDeploymentPostprocessing = 0;
		};
		8E7EC04C2F5C28B00080C762 /* Frameworks */ = {
			isa = PBXFrameworksBuildPhase;
			buildActionMask = 2147483647;
			files = (
			);
			runOnlyForDeploymentPostprocessing = 0;
		};
		8E9794452F66B549009A691D /* Frameworks */ = {
			isa = PBXFrameworksBuildPhase;
			buildActionMask = 2147483647;
			files = (
				8E97944D2F66B54A009A691D /* SwiftUI.framework in Frameworks */,
				8E97944B2F66B54A009A691D /* WidgetKit.framework in Frameworks */,
			);
			runOnlyForDeploymentPostprocessing = 0;
		};
		8E9E384F2F5BF1F000EAFA72 /* Frameworks */ = {
			isa = PBXFrameworksBuildPhase;
			buildActionMask = 2147483647;
			files = (
				9A7000012FA6000100AA0001 /* ZIPFoundation in Frameworks */,
				8E9E38962F5BF56600EAFA72 /* KeyVoxCore in Frameworks */,
				8ED2F10A2F7F4F1C00256F9E /* KeyVoxTTS in Frameworks */,
			);
			runOnlyForDeploymentPostprocessing = 0;
		};
		8E9E385C2F5BF1F200EAFA72 /* Frameworks */ = {
			isa = PBXFrameworksBuildPhase;
			buildActionMask = 2147483647;
			files = (
			);
			runOnlyForDeploymentPostprocessing = 0;
		};
/* End PBXFrameworksBuildPhase section */

/* Begin PBXGroup section */
		8E9794492F66B549009A691D /* Frameworks */ = {
			isa = PBXGroup;
			children = (
				8E97944A2F66B549009A691D /* WidgetKit.framework */,
				8E97944C2F66B54A009A691D /* SwiftUI.framework */,
			);
			name = Frameworks;
			sourceTree = "<group>";
		};
		8E9E38492F5BF1F000EAFA72 = {
			isa = PBXGroup;
			children = (
				5B64A2A32FF01A9A00A10001 /* THIRD_PARTY_NOTICES.md */,
				8EECE7322F64020900BECF17 /* Launch Screen.storyboard */,
				8E70C9132F62B1DB00E9E555 /* LaunchLogo.png */,
				8E7DB6AB2F81EAF6009E3576 /* KeyVox iOS */,
				8E9E38622F5BF1F200EAFA72 /* KeyVoxiOSTests */,
				8E7EC0502F5C28B00080C762 /* KeyVox Keyboard */,
				8E97944E2F66B54A009A691D /* KeyVox Widget */,
				8E7DB1992F809A1C009E3576 /* KeyVox Share */,
				8E9794492F66B549009A691D /* Frameworks */,
				8E9E38532F5BF1F000EAFA72 /* Products */,
			);
			sourceTree = "<group>";
		};
		8E9E38532F5BF1F000EAFA72 /* Products */ = {
			isa = PBXGroup;
			children = (
				8E9E38522F5BF1F000EAFA72 /* KeyVox iOS.app */,
				8E9E385F2F5BF1F200EAFA72 /* KeyVox iOSTests.xctest */,
				8E7EC04F2F5C28B00080C762 /* KeyVox Keyboard.appex */,
				8E9794482F66B549009A691D /* KeyVox Widget.appex */,
				8E7DB1982F809A1C009E3576 /* KeyVox Share.appex */,
			);
			name = Products;
			sourceTree = "<group>";
		};
/* End PBXGroup section */

/* Begin PBXNativeTarget section */
		8E7DB1972F809A1C009E3576 /* KeyVox Share */ = {
			isa = PBXNativeTarget;
			buildConfigurationList = 8E7DB1A52F809A1C009E3576 /* Build configuration list for PBXNativeTarget "KeyVox Share" */;
			buildPhases = (
				8E7DB1942F809A1C009E3576 /* Sources */,
				8E7DB1952F809A1C009E3576 /* Frameworks */,
				8E7DB1962F809A1C009E3576 /* Resources */,
			);
			buildRules = (
			);
			dependencies = (
			);
			fileSystemSynchronizedGroups = (
				8E7DB1992F809A1C009E3576 /* KeyVox Share */,
			);
			name = "KeyVox Share";
			packageProductDependencies = (
				8E7DB28D2F80FBE0009E3576 /* SwiftSoup */,
			);
			productName = "KeyVox Share";
			productReference = 8E7DB1982F809A1C009E3576 /* KeyVox Share.appex */;
			productType = "com.apple.product-type.app-extension";
		};
		8E7EC04E2F5C28B00080C762 /* KeyVox Keyboard */ = {
			isa = PBXNativeTarget;
			buildConfigurationList = 8E7EC05B2F5C28B00080C762 /* Build configuration list for PBXNativeTarget "KeyVox Keyboard" */;
			buildPhases = (
				8E7EC04B2F5C28B00080C762 /* Sources */,
				8E7EC04C2F5C28B00080C762 /* Frameworks */,
				8E7EC04D2F5C28B00080C762 /* Resources */,
			);
			buildRules = (
			);
			dependencies = (
			);
			fileSystemSynchronizedGroups = (
				8E7EC0502F5C28B00080C762 /* KeyVox Keyboard */,
			);
			name = "KeyVox Keyboard";
			packageProductDependencies = (
			);
			productName = "KeyVox Keyboard";
			productReference = 8E7EC04F2F5C28B00080C762 /* KeyVox Keyboard.appex */;
			productType = "com.apple.product-type.app-extension";
		};
		8E9794472F66B549009A691D /* KeyVox Widget */ = {
			isa = PBXNativeTarget;
			buildConfigurationList = 8E9794612F66B54C009A691D /* Build configuration list for PBXNativeTarget "KeyVox Widget" */;
			buildPhases = (
				8E9794442F66B549009A691D /* Sources */,
				8E9794452F66B549009A691D /* Frameworks */,
				8E9794462F66B549009A691D /* Resources */,
			);
			buildRules = (
			);
			dependencies = (
			);
			fileSystemSynchronizedGroups = (
				8E97944E2F66B54A009A691D /* KeyVox Widget */,
			);
			name = "KeyVox Widget";
			packageProductDependencies = (
			);
			productName = "KeyVox WidgetExtension";
			productReference = 8E9794482F66B549009A691D /* KeyVox Widget.appex */;
			productType = "com.apple.product-type.app-extension";
		};
		8E9E38512F5BF1F000EAFA72 /* KeyVox iOS */ = {
			isa = PBXNativeTarget;
			buildConfigurationList = 8E9E38732F5BF1F200EAFA72 /* Build configuration list for PBXNativeTarget "KeyVox iOS" */;
			buildPhases = (
				8E9E384E2F5BF1F000EAFA72 /* Sources */,
				8E9E384F2F5BF1F000EAFA72 /* Frameworks */,
				8E9E38502F5BF1F000EAFA72 /* Resources */,
				8E7EC0572F5C28B00080C762 /* Embed Foundation Extensions */,
				8E7DC73B2F827B11009E3576 /* Embed ExtensionKit Extensions */,
			);
			buildRules = (
			);
			dependencies = (
				8E7EC0552F5C28B00080C762 /* PBXTargetDependency */,
				8E97945D2F66B54C009A691D /* PBXTargetDependency */,
				8E7DB1A12F809A1C009E3576 /* PBXTargetDependency */,
			);
			fileSystemSynchronizedGroups = (
				8E7DB6AB2F81EAF6009E3576 /* KeyVox iOS */,
			);
			name = "KeyVox iOS";
			packageProductDependencies = (
				8E9E38952F5BF56600EAFA72 /* KeyVoxCore */,
				8ED2F1092F7F4F1C00256F9E /* KeyVoxTTS */,
				9A7000022FA6000100AA0001 /* ZIPFoundation */,
			);
			productName = KeyVox;
			productReference = 8E9E38522F5BF1F000EAFA72 /* KeyVox iOS.app */;
			productType = "com.apple.product-type.application";
		};
		8E9E385E2F5BF1F200EAFA72 /* KeyVox iOSTests */ = {
			isa = PBXNativeTarget;
			buildConfigurationList = 8E9E38762F5BF1F200EAFA72 /* Build configuration list for PBXNativeTarget "KeyVox iOSTests" */;
			buildPhases = (
				8E9E385B2F5BF1F200EAFA72 /* Sources */,
				8E9E385C2F5BF1F200EAFA72 /* Frameworks */,
				8E9E385D2F5BF1F200EAFA72 /* Resources */,
			);
			buildRules = (
			);
			dependencies = (
				8E9E38612F5BF1F200EAFA72 /* PBXTargetDependency */,
			);
			fileSystemSynchronizedGroups = (
				8E9E38622F5BF1F200EAFA72 /* KeyVoxiOSTests */,
			);
			name = "KeyVox iOSTests";
			packageProductDependencies = (
			);
			productName = KeyVoxTests;
			productReference = 8E9E385F2F5BF1F200EAFA72 /* KeyVox iOSTests.xctest */;
			productType = "com.apple.product-type.bundle.unit-test";
		};
/* End PBXNativeTarget section */

/* Begin PBXProject section */
		8E9E384A2F5BF1F000EAFA72 /* Project object */ = {
			isa = PBXProject;
			attributes = {
				BuildIndependentTargetsInParallel = 1;
				LastSwiftUpdateCheck = 2640;
				LastUpgradeCheck = 2640;
				TargetAttributes = {
					8E7DB1972F809A1C009E3576 = {
						CreatedOnToolsVersion = 26.4;
					};
					8E7EC04E2F5C28B00080C762 = {
						CreatedOnToolsVersion = 26.3;
					};
					8E9794472F66B549009A691D = {
						CreatedOnToolsVersion = 26.4;
					};
					8E9E38512F5BF1F000EAFA72 = {
						CreatedOnToolsVersion = 26.3;
					};
					8E9E385E2F5BF1F200EAFA72 = {
						CreatedOnToolsVersion = 26.3;
						TestTargetID = 8E9E38512F5BF1F000EAFA72;
					};
				};
			};
			buildConfigurationList = 8E9E384D2F5BF1F000EAFA72 /* Build configuration list for PBXProject "KeyVox iOS" */;
			developmentRegion = en;
			hasScannedForEncodings = 0;
			knownRegions = (
				en,
				Base,
			);
			mainGroup = 8E9E38492F5BF1F000EAFA72;
			minimizedProjectReferenceProxies = 1;
			packageReferences = (
				8E9E38942F5BF56600EAFA72 /* XCLocalSwiftPackageReference "../Packages/KeyVoxCore" */,
				9A7002012FA6000100AA0001 /* XCRemoteSwiftPackageReference "ZIPFoundation" */,
				8ED2F1082F7F4F1C00256F9E /* XCLocalSwiftPackageReference "../Packages/KeyVoxTTS" */,
				8E7DB28C2F80FB54009E3576 /* XCRemoteSwiftPackageReference "SwiftSoup" */,
			);
			preferredProjectObjectVersion = 77;
			productRefGroup = 8E9E38532F5BF1F000EAFA72 /* Products */;
			projectDirPath = "";
			projectRoot = "";
			targets = (
				8E9E38512F5BF1F000EAFA72 /* KeyVox iOS */,
				8E9E385E2F5BF1F200EAFA72 /* KeyVox iOSTests */,
				8E7EC04E2F5C28B00080C762 /* KeyVox Keyboard */,
				8E9794472F66B549009A691D /* KeyVox Widget */,
				8E7DB1972F809A1C009E3576 /* KeyVox Share */,
			);
		};
/* End PBXProject section */

/* Begin PBXResourcesBuildPhase section */
		8E7DB1962F809A1C009E3576 /* Resources */ = {
			isa = PBXResourcesBuildPhase;
			buildActionMask = 2147483647;
			files = (
			);
			runOnlyForDeploymentPostprocessing = 0;
		};
		8E7EC04D2F5C28B00080C762 /* Resources */ = {
			isa = PBXResourcesBuildPhase;
			buildActionMask = 2147483647;
			files = (
				8E70C9122F62B1DB00E9E555 /* LaunchLogo.png in Resources */,
				8EECE7332F64020900BECF17 /* Launch Screen.storyboard in Resources */,
			);
			runOnlyForDeploymentPostprocessing = 0;
		};
		8E9794462F66B549009A691D /* Resources */ = {
			isa = PBXResourcesBuildPhase;
			buildActionMask = 2147483647;
			files = (
			);
			runOnlyForDeploymentPostprocessing = 0;
		};
		8E9E38502F5BF1F000EAFA72 /* Resources */ = {
			isa = PBXResourcesBuildPhase;
			buildActionMask = 2147483647;
			files = (
				5B64A2A42FF01A9A00A10001 /* THIRD_PARTY_NOTICES.md in Resources */,
				8E70C9142F62B1DB00E9E555 /* LaunchLogo.png in Resources */,
				8EECE7342F64020900BECF17 /* Launch Screen.storyboard in Resources */,
			);
			runOnlyForDeploymentPostprocessing = 0;
		};
		8E9E385D2F5BF1F200EAFA72 /* Resources */ = {
			isa = PBXResourcesBuildPhase;
			buildActionMask = 2147483647;
			files = (
			);
			runOnlyForDeploymentPostprocessing = 0;
		};
/* End PBXResourcesBuildPhase section */

/* Begin PBXSourcesBuildPhase section */
		8E7DB1942F809A1C009E3576 /* Sources */ = {
			isa = PBXSourcesBuildPhase;
			buildActionMask = 2147483647;
			files = (
			);
			runOnlyForDeploymentPostprocessing = 0;
		};
		8E7EC04B2F5C28B00080C762 /* Sources */ = {
			isa = PBXSourcesBuildPhase;
			buildActionMask = 2147483647;
			files = (
			);
			runOnlyForDeploymentPostprocessing = 0;
		};
		8E9794442F66B549009A691D /* Sources */ = {
			isa = PBXSourcesBuildPhase;
			buildActionMask = 2147483647;
			files = (
			);
			runOnlyForDeploymentPostprocessing = 0;
		};
		8E9E384E2F5BF1F000EAFA72 /* Sources */ = {
			isa = PBXSourcesBuildPhase;
			buildActionMask = 2147483647;
			files = (
			);
			runOnlyForDeploymentPostprocessing = 0;
		};
		8E9E385B2F5BF1F200EAFA72 /* Sources */ = {
			isa = PBXSourcesBuildPhase;
			buildActionMask = 2147483647;
			files = (
			);
			runOnlyForDeploymentPostprocessing = 0;
		};
/* End PBXSourcesBuildPhase section */

/* Begin PBXTargetDependency section */
		8E7DB1A12F809A1C009E3576 /* PBXTargetDependency */ = {
			isa = PBXTargetDependency;
			target = 8E7DB1972F809A1C009E3576 /* KeyVox Share */;
			targetProxy = 8E7DB1A02F809A1C009E3576 /* PBXContainerItemProxy */;
		};
		8E7EC0552F5C28B00080C762 /* PBXTargetDependency */ = {
			isa = PBXTargetDependency;
			target = 8E7EC04E2F5C28B00080C762 /* KeyVox Keyboard */;
			targetProxy = 8E7EC0542F5C28B00080C762 /* PBXContainerItemProxy */;
		};
		8E97945D2F66B54C009A691D /* PBXTargetDependency */ = {
			isa = PBXTargetDependency;
			target = 8E9794472F66B549009A691D /* KeyVox Widget */;
			targetProxy = 8E97945C2F66B54C009A691D /* PBXContainerItemProxy */;
		};
		8E9E38612F5BF1F200EAFA72 /* PBXTargetDependency */ = {
			isa = PBXTargetDependency;
			target = 8E9E38512F5BF1F000EAFA72 /* KeyVox iOS */;
			targetProxy = 8E9E38602F5BF1F200EAFA72 /* PBXContainerItemProxy */;
		};
/* End PBXTargetDependency section */

/* Begin XCBuildConfiguration section */
		8E7DB1A32F809A1C009E3576 /* Debug */ = {
			isa = XCBuildConfiguration;
			buildSettings = {
				CODE_SIGN_ENTITLEMENTS = "KeyVox Share/KeyVoxShare.entitlements";
				CODE_SIGN_IDENTITY = "Apple Development";
				CODE_SIGN_STYLE = Automatic;
				CURRENT_PROJECT_VERSION = 1;
				DEVELOPMENT_TEAM = U7YT4DBC54;
				GENERATE_INFOPLIST_FILE = YES;
				INFOPLIST_FILE = "KeyVox Share/Info.plist";
				INFOPLIST_KEY_CFBundleDisplayName = "KeyVox Share";
				INFOPLIST_KEY_NSHumanReadableCopyright = "";
				IPHONEOS_DEPLOYMENT_TARGET = 18.6;
				LD_RUNPATH_SEARCH_PATHS = (
					"$(inherited)",
					"@executable_path/Frameworks",
					"@executable_path/../../Frameworks",
				);
				MARKETING_VERSION = 1.0.3;
				PRODUCT_BUNDLE_IDENTIFIER = "com.cueit.keyvox.ios.KeyVox-Share";
				PRODUCT_NAME = "$(TARGET_NAME)";
				SKIP_INSTALL = YES;
				STRING_CATALOG_GENERATE_SYMBOLS = YES;
				SUPPORTED_PLATFORMS = "iphoneos iphonesimulator";
				SUPPORTS_MACCATALYST = NO;
				SUPPORTS_MAC_DESIGNED_FOR_IPHONE_IPAD = NO;
				SUPPORTS_XR_DESIGNED_FOR_IPHONE_IPAD = NO;
				SWIFT_APPROACHABLE_CONCURRENCY = YES;
				SWIFT_EMIT_LOC_STRINGS = YES;
				SWIFT_UPCOMING_FEATURE_MEMBER_IMPORT_VISIBILITY = YES;
				SWIFT_VERSION = 5.0;
				TARGETED_DEVICE_FAMILY = 1;
			};
			name = Debug;
		};
		8E7DB1A42F809A1C009E3576 /* Release */ = {
			isa = XCBuildConfiguration;
			buildSettings = {
				CODE_SIGN_ENTITLEMENTS = "KeyVox Share/KeyVoxShare.entitlements";
				CODE_SIGN_IDENTITY = "Apple Development";
				CODE_SIGN_STYLE = Automatic;
				CURRENT_PROJECT_VERSION = 1;
				DEVELOPMENT_TEAM = U7YT4DBC54;
				GENERATE_INFOPLIST_FILE = YES;
				INFOPLIST_FILE = "KeyVox Share/Info.plist";
				INFOPLIST_KEY_CFBundleDisplayName = "KeyVox Share";
				INFOPLIST_KEY_NSHumanReadableCopyright = "";
				IPHONEOS_DEPLOYMENT_TARGET = 18.6;
				LD_RUNPATH_SEARCH_PATHS = (
					"$(inherited)",
					"@executable_path/Frameworks",
					"@executable_path/../../Frameworks",
				);
				MARKETING_VERSION = 1.0.3;
				PRODUCT_BUNDLE_IDENTIFIER = "com.cueit.keyvox.ios.KeyVox-Share";
				PRODUCT_NAME = "$(TARGET_NAME)";
				SKIP_INSTALL = YES;
				STRING_CATALOG_GENERATE_SYMBOLS = YES;
				SUPPORTED_PLATFORMS = "iphoneos iphonesimulator";
				SUPPORTS_MACCATALYST = NO;
				SUPPORTS_MAC_DESIGNED_FOR_IPHONE_IPAD = NO;
				SUPPORTS_XR_DESIGNED_FOR_IPHONE_IPAD = NO;
				SWIFT_APPROACHABLE_CONCURRENCY = YES;
				SWIFT_EMIT_LOC_STRINGS = YES;
				SWIFT_UPCOMING_FEATURE_MEMBER_IMPORT_VISIBILITY = YES;
				SWIFT_VERSION = 5.0;
				TARGETED_DEVICE_FAMILY = 1;
			};
			name = Release;
		};
		8E7EC0582F5C28B00080C762 /* Debug */ = {
			isa = XCBuildConfiguration;
			buildSettings = {
				CODE_SIGN_ENTITLEMENTS = "KeyVox Keyboard/KeyVoxKeyboard.entitlements";
				CODE_SIGN_STYLE = Automatic;
				CURRENT_PROJECT_VERSION = 1;
				DEVELOPMENT_TEAM = U7YT4DBC54;
				GENERATE_INFOPLIST_FILE = YES;
				INFOPLIST_FILE = "KeyVox Keyboard/Info.plist";
				INFOPLIST_KEY_CFBundleDisplayName = KeyVox;
				INFOPLIST_KEY_NSHumanReadableCopyright = "";
				IPHONEOS_DEPLOYMENT_TARGET = 18.6;
				LD_RUNPATH_SEARCH_PATHS = (
					"$(inherited)",
					"@executable_path/Frameworks",
					"@executable_path/../../Frameworks",
				);
				MARKETING_VERSION = 1.0.3;
				PRODUCT_BUNDLE_IDENTIFIER = com.cueit.keyvox.ios.keyboard;
				PRODUCT_NAME = "$(TARGET_NAME)";
				SKIP_INSTALL = YES;
				STRING_CATALOG_GENERATE_SYMBOLS = YES;
				SUPPORTED_PLATFORMS = "iphoneos iphonesimulator";
				SUPPORTS_MACCATALYST = NO;
				SUPPORTS_MAC_DESIGNED_FOR_IPHONE_IPAD = NO;
				SUPPORTS_XR_DESIGNED_FOR_IPHONE_IPAD = NO;
				SWIFT_APPROACHABLE_CONCURRENCY = YES;
				SWIFT_EMIT_LOC_STRINGS = YES;
				SWIFT_UPCOMING_FEATURE_MEMBER_IMPORT_VISIBILITY = YES;
				SWIFT_VERSION = 5.0;
				TARGETED_DEVICE_FAMILY = 1;
			};
			name = Debug;
		};
		8E7EC0592F5C28B00080C762 /* Release */ = {
			isa = XCBuildConfiguration;
			buildSettings = {
				CODE_SIGN_ENTITLEMENTS = "KeyVox Keyboard/KeyVoxKeyboard.entitlements";
				CODE_SIGN_STYLE = Automatic;
				CURRENT_PROJECT_VERSION = 1;
				DEVELOPMENT_TEAM = U7YT4DBC54;
				GENERATE_INFOPLIST_FILE = YES;
				INFOPLIST_FILE = "KeyVox Keyboard/Info.plist";
				INFOPLIST_KEY_CFBundleDisplayName = KeyVox;
				INFOPLIST_KEY_NSHumanReadableCopyright = "";
				IPHONEOS_DEPLOYMENT_TARGET = 18.6;
				LD_RUNPATH_SEARCH_PATHS = (
					"$(inherited)",
					"@executable_path/Frameworks",
					"@executable_path/../../Frameworks",
				);
				MARKETING_VERSION = 1.0.3;
				PRODUCT_BUNDLE_IDENTIFIER = com.cueit.keyvox.ios.keyboard;
				PRODUCT_NAME = "$(TARGET_NAME)";
				SKIP_INSTALL = YES;
				STRING_CATALOG_GENERATE_SYMBOLS = YES;
				SUPPORTED_PLATFORMS = "iphoneos iphonesimulator";
				SUPPORTS_MACCATALYST = NO;
				SUPPORTS_MAC_DESIGNED_FOR_IPHONE_IPAD = NO;
				SUPPORTS_XR_DESIGNED_FOR_IPHONE_IPAD = NO;
				SWIFT_APPROACHABLE_CONCURRENCY = YES;
				SWIFT_EMIT_LOC_STRINGS = YES;
				SWIFT_UPCOMING_FEATURE_MEMBER_IMPORT_VISIBILITY = YES;
				SWIFT_VERSION = 5.0;
				TARGETED_DEVICE_FAMILY = 1;
			};
			name = Release;
		};
		8E97945F2F66B54C009A691D /* Debug */ = {
			isa = XCBuildConfiguration;
			buildSettings = {
				ASSETCATALOG_COMPILER_GLOBAL_ACCENT_COLOR_NAME = AccentColor;
				ASSETCATALOG_COMPILER_WIDGET_BACKGROUND_COLOR_NAME = WidgetBackground;
				CODE_SIGN_ENTITLEMENTS = "KeyVox Widget/KeyVox Widget.entitlements";
				CODE_SIGN_IDENTITY = "Apple Development";
				CODE_SIGN_STYLE = Automatic;
				CURRENT_PROJECT_VERSION = 1;
				DEVELOPMENT_TEAM = U7YT4DBC54;
				GENERATE_INFOPLIST_FILE = YES;
				INFOPLIST_FILE = "KeyVox Widget/Info.plist";
				INFOPLIST_KEY_CFBundleDisplayName = "KeyVox Widget";
				INFOPLIST_KEY_NSHumanReadableCopyright = "";
				IPHONEOS_DEPLOYMENT_TARGET = 18.6;
				LD_RUNPATH_SEARCH_PATHS = (
					"$(inherited)",
					"@executable_path/Frameworks",
					"@executable_path/../../Frameworks",
				);
				MARKETING_VERSION = 1.0.3;
				PRODUCT_BUNDLE_IDENTIFIER = "com.cueit.keyvox.ios.KeyVox-Widget";
				PRODUCT_NAME = "$(TARGET_NAME)";
				SKIP_INSTALL = YES;
				STRING_CATALOG_GENERATE_SYMBOLS = YES;
				SUPPORTED_PLATFORMS = "iphoneos iphonesimulator";
				SUPPORTS_MACCATALYST = NO;
				SUPPORTS_MAC_DESIGNED_FOR_IPHONE_IPAD = NO;
				SUPPORTS_XR_DESIGNED_FOR_IPHONE_IPAD = NO;
				SWIFT_APPROACHABLE_CONCURRENCY = YES;
				SWIFT_EMIT_LOC_STRINGS = YES;
				SWIFT_UPCOMING_FEATURE_MEMBER_IMPORT_VISIBILITY = YES;
				SWIFT_VERSION = 5.0;
				TARGETED_DEVICE_FAMILY = 1;
			};
			name = Debug;
		};
		8E9794602F66B54C009A691D /* Release */ = {
			isa = XCBuildConfiguration;
			buildSettings = {
				ASSETCATALOG_COMPILER_GLOBAL_ACCENT_COLOR_NAME = AccentColor;
				ASSETCATALOG_COMPILER_WIDGET_BACKGROUND_COLOR_NAME = WidgetBackground;
				CODE_SIGN_ENTITLEMENTS = "KeyVox Widget/KeyVox Widget.entitlements";
				CODE_SIGN_IDENTITY = "Apple Development";
				CODE_SIGN_STYLE = Automatic;
				CURRENT_PROJECT_VERSION = 1;
				DEVELOPMENT_TEAM = U7YT4DBC54;
				GENERATE_INFOPLIST_FILE = YES;
				INFOPLIST_FILE = "KeyVox Widget/Info.plist";
				INFOPLIST_KEY_CFBundleDisplayName = "KeyVox Widget";
				INFOPLIST_KEY_NSHumanReadableCopyright = "";
				IPHONEOS_DEPLOYMENT_TARGET = 18.6;
				LD_RUNPATH_SEARCH_PATHS = (
					"$(inherited)",
					"@executable_path/Frameworks",
					"@executable_path/../../Frameworks",
				);
				MARKETING_VERSION = 1.0.3;
				PRODUCT_BUNDLE_IDENTIFIER = "com.cueit.keyvox.ios.KeyVox-Widget";
				PRODUCT_NAME = "$(TARGET_NAME)";
				SKIP_INSTALL = YES;
				STRING_CATALOG_GENERATE_SYMBOLS = YES;
				SUPPORTED_PLATFORMS = "iphoneos iphonesimulator";
				SUPPORTS_MACCATALYST = NO;
				SUPPORTS_MAC_DESIGNED_FOR_IPHONE_IPAD = NO;
				SUPPORTS_XR_DESIGNED_FOR_IPHONE_IPAD = NO;
				SWIFT_APPROACHABLE_CONCURRENCY = YES;
				SWIFT_EMIT_LOC_STRINGS = YES;
				SWIFT_UPCOMING_FEATURE_MEMBER_IMPORT_VISIBILITY = YES;
				SWIFT_VERSION = 5.0;
				TARGETED_DEVICE_FAMILY = 1;
			};
			name = Release;
		};
		8E9E38712F5BF1F200EAFA72 /* Debug */ = {
			isa = XCBuildConfiguration;
			buildSettings = {
				ALWAYS_SEARCH_USER_PATHS = NO;
				ASSETCATALOG_COMPILER_GENERATE_SWIFT_ASSET_SYMBOL_EXTENSIONS = YES;
				CLANG_ANALYZER_NONNULL = YES;
				CLANG_ANALYZER_NUMBER_OBJECT_CONVERSION = YES_AGGRESSIVE;
				CLANG_CXX_LANGUAGE_STANDARD = "gnu++20";
				CLANG_ENABLE_MODULES = YES;
				CLANG_ENABLE_OBJC_ARC = YES;
				CLANG_ENABLE_OBJC_WEAK = YES;
				CLANG_WARN_BLOCK_CAPTURE_AUTORELEASING = YES;
				CLANG_WARN_BOOL_CONVERSION = YES;
				CLANG_WARN_COMMA = YES;
				CLANG_WARN_CONSTANT_CONVERSION = YES;
				CLANG_WARN_DEPRECATED_OBJC_IMPLEMENTATIONS = YES;
				CLANG_WARN_DIRECT_OBJC_ISA_USAGE = YES_ERROR;
				CLANG_WARN_DOCUMENTATION_COMMENTS = YES;
				CLANG_WARN_EMPTY_BODY = YES;
				CLANG_WARN_ENUM_CONVERSION = YES;
				CLANG_WARN_INFINITE_RECURSION = YES;
				CLANG_WARN_INT_CONVERSION = YES;
				CLANG_WARN_NON_LITERAL_NULL_CONVERSION = YES;
				CLANG_WARN_OBJC_IMPLICIT_RETAIN_SELF = YES;
				CLANG_WARN_OBJC_LITERAL_CONVERSION = YES;
				CLANG_WARN_OBJC_ROOT_CLASS = YES_ERROR;
				CLANG_WARN_QUOTED_INCLUDE_IN_FRAMEWORK_HEADER = YES;
				CLANG_WARN_RANGE_LOOP_ANALYSIS = YES;
				CLANG_WARN_STRICT_PROTOTYPES = YES;
				CLANG_WARN_SUSPICIOUS_MOVE = YES;
				CLANG_WARN_UNGUARDED_AVAILABILITY = YES_AGGRESSIVE;
				CLANG_WARN_UNREACHABLE_CODE = YES;
				CLANG_WARN__DUPLICATE_METHOD_MATCH = YES;
				COPY_PHASE_STRIP = NO;
				DEBUG_INFORMATION_FORMAT = dwarf;
				DEVELOPMENT_TEAM = U7YT4DBC54;
				ENABLE_STRICT_OBJC_MSGSEND = YES;
				ENABLE_TESTABILITY = YES;
				ENABLE_USER_SCRIPT_SANDBOXING = YES;
				GCC_C_LANGUAGE_STANDARD = gnu17;
				GCC_DYNAMIC_NO_PIC = NO;
				GCC_NO_COMMON_BLOCKS = YES;
				GCC_OPTIMIZATION_LEVEL = 0;
				GCC_PREPROCESSOR_DEFINITIONS = (
					"DEBUG=1",
					"$(inherited)",
				);
				GCC_WARN_64_TO_32_BIT_CONVERSION = YES;
				GCC_WARN_ABOUT_RETURN_TYPE = YES_ERROR;
				GCC_WARN_UNDECLARED_SELECTOR = YES;
				GCC_WARN_UNINITIALIZED_AUTOS = YES_AGGRESSIVE;
				GCC_WARN_UNUSED_FUNCTION = YES;
				GCC_WARN_UNUSED_VARIABLE = YES;
				IPHONEOS_DEPLOYMENT_TARGET = 18.6;
				LOCALIZATION_PREFERS_STRING_CATALOGS = YES;
				MTL_ENABLE_DEBUG_INFO = INCLUDE_SOURCE;
				MTL_FAST_MATH = YES;
				ONLY_ACTIVE_ARCH = YES;
				SDKROOT = iphoneos;
				STRING_CATALOG_GENERATE_SYMBOLS = YES;
				SWIFT_ACTIVE_COMPILATION_CONDITIONS = "DEBUG $(inherited)";
				SWIFT_OPTIMIZATION_LEVEL = "-Onone";
			};
			name = Debug;
		};
		8E9E38722F5BF1F200EAFA72 /* Release */ = {
			isa = XCBuildConfiguration;
			buildSettings = {
				ALWAYS_SEARCH_USER_PATHS = NO;
				ASSETCATALOG_COMPILER_GENERATE_SWIFT_ASSET_SYMBOL_EXTENSIONS = YES;
				CLANG_ANALYZER_NONNULL = YES;
				CLANG_ANALYZER_NUMBER_OBJECT_CONVERSION = YES_AGGRESSIVE;
				CLANG_CXX_LANGUAGE_STANDARD = "gnu++20";
				CLANG_ENABLE_MODULES = YES;
				CLANG_ENABLE_OBJC_ARC = YES;
				CLANG_ENABLE_OBJC_WEAK = YES;
				CLANG_WARN_BLOCK_CAPTURE_AUTORELEASING = YES;
				CLANG_WARN_BOOL_CONVERSION = YES;
				CLANG_WARN_COMMA = YES;
				CLANG_WARN_CONSTANT_CONVERSION = YES;
				CLANG_WARN_DEPRECATED_OBJC_IMPLEMENTATIONS = YES;
				CLANG_WARN_DIRECT_OBJC_ISA_USAGE = YES_ERROR;
				CLANG_WARN_DOCUMENTATION_COMMENTS = YES;
				CLANG_WARN_EMPTY_BODY = YES;
				CLANG_WARN_ENUM_CONVERSION = YES;
				CLANG_WARN_INFINITE_RECURSION = YES;
				CLANG_WARN_INT_CONVERSION = YES;
				CLANG_WARN_NON_LITERAL_NULL_CONVERSION = YES;
				CLANG_WARN_OBJC_IMPLICIT_RETAIN_SELF = YES;
				CLANG_WARN_OBJC_LITERAL_CONVERSION = YES;
				CLANG_WARN_OBJC_ROOT_CLASS = YES_ERROR;
				CLANG_WARN_QUOTED_INCLUDE_IN_FRAMEWORK_HEADER = YES;
				CLANG_WARN_RANGE_LOOP_ANALYSIS = YES;
				CLANG_WARN_STRICT_PROTOTYPES = YES;
				CLANG_WARN_SUSPICIOUS_MOVE = YES;
				CLANG_WARN_UNGUARDED_AVAILABILITY = YES_AGGRESSIVE;
				CLANG_WARN_UNREACHABLE_CODE = YES;
				CLANG_WARN__DUPLICATE_METHOD_MATCH = YES;
				COPY_PHASE_STRIP = NO;
				DEBUG_INFORMATION_FORMAT = "dwarf-with-dsym";
				DEVELOPMENT_TEAM = U7YT4DBC54;
				ENABLE_NS_ASSERTIONS = NO;
				ENABLE_STRICT_OBJC_MSGSEND = YES;
				ENABLE_USER_SCRIPT_SANDBOXING = YES;
				GCC_C_LANGUAGE_STANDARD = gnu17;
				GCC_NO_COMMON_BLOCKS = YES;
				GCC_WARN_64_TO_32_BIT_CONVERSION = YES;
				GCC_WARN_ABOUT_RETURN_TYPE = YES_ERROR;
				GCC_WARN_UNDECLARED_SELECTOR = YES;
				GCC_WARN_UNINITIALIZED_AUTOS = YES_AGGRESSIVE;
				GCC_WARN_UNUSED_FUNCTION = YES;
				GCC_WARN_UNUSED_VARIABLE = YES;
				IPHONEOS_DEPLOYMENT_TARGET = 18.6;
				LOCALIZATION_PREFERS_STRING_CATALOGS = YES;
				MTL_ENABLE_DEBUG_INFO = NO;
				MTL_FAST_MATH = YES;
				SDKROOT = iphoneos;
				STRING_CATALOG_GENERATE_SYMBOLS = YES;
				SWIFT_COMPILATION_MODE = wholemodule;
				VALIDATE_PRODUCT = YES;
			};
			name = Release;
		};
		8E9E38742F5BF1F200EAFA72 /* Debug */ = {
			isa = XCBuildConfiguration;
			buildSettings = {
				ASSETCATALOG_COMPILER_APPICON_NAME = keyvox;
				ASSETCATALOG_COMPILER_GLOBAL_ACCENT_COLOR_NAME = AccentColor;
				CODE_SIGN_ENTITLEMENTS = "KeyVox iOS/KeyVoxiOS.entitlements";
				CODE_SIGN_IDENTITY = "Apple Development";
				CODE_SIGN_STYLE = Automatic;
				CURRENT_PROJECT_VERSION = 1;
				DEVELOPMENT_TEAM = U7YT4DBC54;
				ENABLE_PREVIEWS = YES;
				GENERATE_INFOPLIST_FILE = YES;
				INFOPLIST_FILE = "KeyVox iOS/Info.plist";
				INFOPLIST_KEY_CFBundleDisplayName = KeyVox;
				INFOPLIST_KEY_LSApplicationCategoryType = "public.app-category.utilities";
				INFOPLIST_KEY_NSMicrophoneUsageDescription = "KeyVox needs access to your microphone in order to transcribe your voice.";
				INFOPLIST_KEY_UIApplicationSceneManifest_Generation = YES;
				INFOPLIST_KEY_UIApplicationSupportsIndirectInputEvents = YES;
				INFOPLIST_KEY_UILaunchScreen_Generation = NO;
				INFOPLIST_KEY_UILaunchStoryboardName = "Launch Screen";
				INFOPLIST_KEY_UISupportedInterfaceOrientations = UIInterfaceOrientationPortrait;
				INFOPLIST_KEY_UISupportedInterfaceOrientations_iPad = UIInterfaceOrientationPortrait;
				IPHONEOS_DEPLOYMENT_TARGET = 18.6;
				LD_RUNPATH_SEARCH_PATHS = (
					"$(inherited)",
					"@executable_path/Frameworks",
				);
				MARKETING_VERSION = 1.0.3;
				PRODUCT_BUNDLE_IDENTIFIER = com.cueit.keyvox.ios;
				PRODUCT_NAME = "$(TARGET_NAME)";
				PROVISIONING_PROFILE_SPECIFIER = "";
				STRING_CATALOG_GENERATE_SYMBOLS = YES;
				SUPPORTED_PLATFORMS = "iphoneos iphonesimulator";
				SUPPORTS_MACCATALYST = NO;
				SUPPORTS_MAC_DESIGNED_FOR_IPHONE_IPAD = NO;
				SUPPORTS_XR_DESIGNED_FOR_IPHONE_IPAD = NO;
				SWIFT_APPROACHABLE_CONCURRENCY = YES;
				SWIFT_DEFAULT_ACTOR_ISOLATION = MainActor;
				SWIFT_EMIT_LOC_STRINGS = YES;
				SWIFT_UPCOMING_FEATURE_MEMBER_IMPORT_VISIBILITY = YES;
				SWIFT_VERSION = 5.0;
				TARGETED_DEVICE_FAMILY = 1;
			};
			name = Debug;
		};
		8E9E38752F5BF1F200EAFA72 /* Release */ = {
			isa = XCBuildConfiguration;
			buildSettings = {
				ASSETCATALOG_COMPILER_APPICON_NAME = keyvox;
				ASSETCATALOG_COMPILER_GLOBAL_ACCENT_COLOR_NAME = AccentColor;
				CODE_SIGN_ENTITLEMENTS = "KeyVox iOS/KeyVoxiOS.entitlements";
				CODE_SIGN_IDENTITY = "Apple Development";
				CODE_SIGN_STYLE = Automatic;
				CURRENT_PROJECT_VERSION = 1;
				DEVELOPMENT_TEAM = U7YT4DBC54;
				ENABLE_PREVIEWS = YES;
				GENERATE_INFOPLIST_FILE = YES;
				INFOPLIST_FILE = "KeyVox iOS/Info.plist";
				INFOPLIST_KEY_CFBundleDisplayName = KeyVox;
				INFOPLIST_KEY_LSApplicationCategoryType = "public.app-category.utilities";
				INFOPLIST_KEY_NSMicrophoneUsageDescription = "KeyVox needs access to your microphone in order to transcribe your voice.";
				INFOPLIST_KEY_UIApplicationSceneManifest_Generation = YES;
				INFOPLIST_KEY_UIApplicationSupportsIndirectInputEvents = YES;
				INFOPLIST_KEY_UILaunchScreen_Generation = NO;
				INFOPLIST_KEY_UILaunchStoryboardName = "Launch Screen";
				INFOPLIST_KEY_UISupportedInterfaceOrientations = UIInterfaceOrientationPortrait;
				INFOPLIST_KEY_UISupportedInterfaceOrientations_iPad = UIInterfaceOrientationPortrait;
				IPHONEOS_DEPLOYMENT_TARGET = 18.6;
				LD_RUNPATH_SEARCH_PATHS = (
					"$(inherited)",
					"@executable_path/Frameworks",
				);
				MARKETING_VERSION = 1.0.3;
				PRODUCT_BUNDLE_IDENTIFIER = com.cueit.keyvox.ios;
				PRODUCT_NAME = "$(TARGET_NAME)";
				PROVISIONING_PROFILE_SPECIFIER = "";
				STRING_CATALOG_GENERATE_SYMBOLS = YES;
				SUPPORTED_PLATFORMS = "iphoneos iphonesimulator";
				SUPPORTS_MACCATALYST = NO;
				SUPPORTS_MAC_DESIGNED_FOR_IPHONE_IPAD = NO;
				SUPPORTS_XR_DESIGNED_FOR_IPHONE_IPAD = NO;
				SWIFT_APPROACHABLE_CONCURRENCY = YES;
				SWIFT_DEFAULT_ACTOR_ISOLATION = MainActor;
				SWIFT_EMIT_LOC_STRINGS = YES;
				SWIFT_UPCOMING_FEATURE_MEMBER_IMPORT_VISIBILITY = YES;
				SWIFT_VERSION = 5.0;
				TARGETED_DEVICE_FAMILY = 1;
			};
			name = Release;
		};
		8E9E38772F5BF1F200EAFA72 /* Debug */ = {
			isa = XCBuildConfiguration;
			buildSettings = {
				BUNDLE_LOADER = "$(TEST_HOST)";
				CODE_SIGN_STYLE = Automatic;
				CURRENT_PROJECT_VERSION = 1;
				DEVELOPMENT_TEAM = U7YT4DBC54;
				GENERATE_INFOPLIST_FILE = YES;
				IPHONEOS_DEPLOYMENT_TARGET = 18.6;
				MARKETING_VERSION = 1.0;
				PRODUCT_BUNDLE_IDENTIFIER = com.cueit.KeyVoxTests;
				PRODUCT_NAME = "$(TARGET_NAME)";
				STRING_CATALOG_GENERATE_SYMBOLS = NO;
				SUPPORTED_PLATFORMS = "iphoneos iphonesimulator";
				SUPPORTS_MACCATALYST = NO;
				SUPPORTS_MAC_DESIGNED_FOR_IPHONE_IPAD = NO;
				SUPPORTS_XR_DESIGNED_FOR_IPHONE_IPAD = NO;
				SWIFT_APPROACHABLE_CONCURRENCY = YES;
				SWIFT_EMIT_LOC_STRINGS = NO;
				SWIFT_UPCOMING_FEATURE_MEMBER_IMPORT_VISIBILITY = YES;
				SWIFT_VERSION = 5.0;
				TARGETED_DEVICE_FAMILY = 1;
				TEST_HOST = "$(BUILT_PRODUCTS_DIR)/KeyVox iOS.app/$(BUNDLE_EXECUTABLE_FOLDER_PATH)/KeyVox iOS";
			};
			name = Debug;
		};
		8E9E38782F5BF1F200EAFA72 /* Release */ = {
			isa = XCBuildConfiguration;
			buildSettings = {
				BUNDLE_LOADER = "$(TEST_HOST)";
				CODE_SIGN_STYLE = Automatic;
				CURRENT_PROJECT_VERSION = 1;
				DEVELOPMENT_TEAM = U7YT4DBC54;
				GENERATE_INFOPLIST_FILE = YES;
				IPHONEOS_DEPLOYMENT_TARGET = 18.6;
				MARKETING_VERSION = 1.0;
				PRODUCT_BUNDLE_IDENTIFIER = com.cueit.KeyVoxTests;
				PRODUCT_NAME = "$(TARGET_NAME)";
				STRING_CATALOG_GENERATE_SYMBOLS = NO;
				SUPPORTED_PLATFORMS = "iphoneos iphonesimulator";
				SUPPORTS_MACCATALYST = NO;
				SUPPORTS_MAC_DESIGNED_FOR_IPHONE_IPAD = NO;
				SUPPORTS_XR_DESIGNED_FOR_IPHONE_IPAD = NO;
				SWIFT_APPROACHABLE_CONCURRENCY = YES;
				SWIFT_EMIT_LOC_STRINGS = NO;
				SWIFT_UPCOMING_FEATURE_MEMBER_IMPORT_VISIBILITY = YES;
				SWIFT_VERSION = 5.0;
				TARGETED_DEVICE_FAMILY = 1;
				TEST_HOST = "$(BUILT_PRODUCTS_DIR)/KeyVox iOS.app/$(BUNDLE_EXECUTABLE_FOLDER_PATH)/KeyVox iOS";
			};
			name = Release;
		};
/* End XCBuildConfiguration section */

/* Begin XCConfigurationList section */
		8E7DB1A52F809A1C009E3576 /* Build configuration list for PBXNativeTarget "KeyVox Share" */ = {
			isa = XCConfigurationList;
			buildConfigurations = (
				8E7DB1A32F809A1C009E3576 /* Debug */,
				8E7DB1A42F809A1C009E3576 /* Release */,
			);
			defaultConfigurationIsVisible = 0;
			defaultConfigurationName = Release;
		};
		8E7EC05B2F5C28B00080C762 /* Build configuration list for PBXNativeTarget "KeyVox Keyboard" */ = {
			isa = XCConfigurationList;
			buildConfigurations = (
				8E7EC0582F5C28B00080C762 /* Debug */,
				8E7EC0592F5C28B00080C762 /* Release */,
			);
			defaultConfigurationIsVisible = 0;
			defaultConfigurationName = Release;
		};
		8E9794612F66B54C009A691D /* Build configuration list for PBXNativeTarget "KeyVox Widget" */ = {
			isa = XCConfigurationList;
			buildConfigurations = (
				8E97945F2F66B54C009A691D /* Debug */,
				8E9794602F66B54C009A691D /* Release */,
			);
			defaultConfigurationIsVisible = 0;
			defaultConfigurationName = Release;
		};
		8E9E384D2F5BF1F000EAFA72 /* Build configuration list for PBXProject "KeyVox iOS" */ = {
			isa = XCConfigurationList;
			buildConfigurations = (
				8E9E38712F5BF1F200EAFA72 /* Debug */,
				8E9E38722F5BF1F200EAFA72 /* Release */,
			);
			defaultConfigurationIsVisible = 0;
			defaultConfigurationName = Release;
		};
		8E9E38732F5BF1F200EAFA72 /* Build configuration list for PBXNativeTarget "KeyVox iOS" */ = {
			isa = XCConfigurationList;
			buildConfigurations = (
				8E9E38742F5BF1F200EAFA72 /* Debug */,
				8E9E38752F5BF1F200EAFA72 /* Release */,
			);
			defaultConfigurationIsVisible = 0;
			defaultConfigurationName = Release;
		};
		8E9E38762F5BF1F200EAFA72 /* Build configuration list for PBXNativeTarget "KeyVox iOSTests" */ = {
			isa = XCConfigurationList;
			buildConfigurations = (
				8E9E38772F5BF1F200EAFA72 /* Debug */,
				8E9E38782F5BF1F200EAFA72 /* Release */,
			);
			defaultConfigurationIsVisible = 0;
			defaultConfigurationName = Release;
		};
/* End XCConfigurationList section */

/* Begin XCLocalSwiftPackageReference section */
		8E9E38942F5BF56600EAFA72 /* XCLocalSwiftPackageReference "../Packages/KeyVoxCore" */ = {
			isa = XCLocalSwiftPackageReference;
			relativePath = ../Packages/KeyVoxCore;
		};
		8ED2F1082F7F4F1C00256F9E /* XCLocalSwiftPackageReference "../Packages/KeyVoxTTS" */ = {
			isa = XCLocalSwiftPackageReference;
			relativePath = ../Packages/KeyVoxTTS;
		};
/* End XCLocalSwiftPackageReference section */

/* Begin XCRemoteSwiftPackageReference section */
		8E7DB28C2F80FB54009E3576 /* XCRemoteSwiftPackageReference "SwiftSoup" */ = {
			isa = XCRemoteSwiftPackageReference;
			repositoryURL = "https://github.com/scinfu/SwiftSoup";
			requirement = {
				kind = upToNextMajorVersion;
				minimumVersion = 2.13.4;
			};
		};
		9A7002012FA6000100AA0001 /* XCRemoteSwiftPackageReference "ZIPFoundation" */ = {
			isa = XCRemoteSwiftPackageReference;
			repositoryURL = "https://github.com/weichsel/ZIPFoundation";
			requirement = {
				kind = upToNextMajorVersion;
				minimumVersion = 0.9.19;
			};
		};
/* End XCRemoteSwiftPackageReference section */

/* Begin XCSwiftPackageProductDependency section */
		8E7DB28D2F80FBE0009E3576 /* SwiftSoup */ = {
			isa = XCSwiftPackageProductDependency;
			package = 8E7DB28C2F80FB54009E3576 /* XCRemoteSwiftPackageReference "SwiftSoup" */;
			productName = SwiftSoup;
		};
		8E9E38952F5BF56600EAFA72 /* KeyVoxCore */ = {
			isa = XCSwiftPackageProductDependency;
			productName = KeyVoxCore;
		};
		8ED2F1092F7F4F1C00256F9E /* KeyVoxTTS */ = {
			isa = XCSwiftPackageProductDependency;
			package = 8ED2F1082F7F4F1C00256F9E /* XCLocalSwiftPackageReference "../Packages/KeyVoxTTS" */;
			productName = KeyVoxTTS;
		};
		9A7000022FA6000100AA0001 /* ZIPFoundation */ = {
			isa = XCSwiftPackageProductDependency;
			package = 9A7002012FA6000100AA0001 /* XCRemoteSwiftPackageReference "ZIPFoundation" */;
			productName = ZIPFoundation;
		};
/* End XCSwiftPackageProductDependency section */
	};
	rootObject = 8E9E384A2F5BF1F000EAFA72 /* Project object */;
}
