// !$*UTF8*$!
{
	archiveVersion = 1;
	classes = {
	};
	objectVersion = 77;
	objects = {

/* Begin PBXBuildFile section */
		AA1000102F70000100000001 /* DictionaryFloatingAddButton.swift in Sources */ = {isa = PBXBuildFile; fileRef = AA2000102F70000100000001 /* DictionaryFloatingAddButton.swift */; };
		AA10000E2F70000100000001 /* AutoFocusTextField.swift in Sources */ = {isa = PBXBuildFile; fileRef = AA20000E2F70000100000001 /* AutoFocusTextField.swift */; };
		AA10000F2F70000100000001 /* KeyboardObserver.swift in Sources */ = {isa = PBXBuildFile; fileRef = AA20000F2F70000100000001 /* KeyboardObserver.swift */; };
		AA10000C2F70000100000001 /* ContainingAppTab.swift in Sources */ = {isa = PBXBuildFile; fileRef = AA20000C2F70000100000001 /* ContainingAppTab.swift */; };
		AA1000012F70000100000001 /* iOSAppTypography.swift in Sources */ = {isa = PBXBuildFile; fileRef = AA2000012F70000100000001 /* iOSAppTypography.swift */; };
		AA1000022F70000100000001 /* iOSAppTheme.swift in Sources */ = {isa = PBXBuildFile; fileRef = AA2000022F70000100000001 /* iOSAppTheme.swift */; };
		AA1000032F70000100000001 /* iOSAppCard.swift in Sources */ = {isa = PBXBuildFile; fileRef = AA2000032F70000100000001 /* iOSAppCard.swift */; };
		AA1000042F70000100000001 /* iOSAppIconTile.swift in Sources */ = {isa = PBXBuildFile; fileRef = AA2000042F70000100000001 /* iOSAppIconTile.swift */; };
		AA1000052F70000100000001 /* iOSAppScrollScreen.swift in Sources */ = {isa = PBXBuildFile; fileRef = AA2000052F70000100000001 /* iOSAppScrollScreen.swift */; };
		AA1000062F70000100000001 /* DictionarySortMode.swift in Sources */ = {isa = PBXBuildFile; fileRef = AA2000062F70000100000001 /* DictionarySortMode.swift */; };
		AA1000072F70000100000001 /* DictionaryWordEditorMode.swift in Sources */ = {isa = PBXBuildFile; fileRef = AA2000072F70000100000001 /* DictionaryWordEditorMode.swift */; };
		AA1000082F70000100000001 /* DictionaryHeaderCardView.swift in Sources */ = {isa = PBXBuildFile; fileRef = AA2000082F70000100000001 /* DictionaryHeaderCardView.swift */; };
		AA1000092F70000100000001 /* DictionaryEntryRowView.swift in Sources */ = {isa = PBXBuildFile; fileRef = AA2000092F70000100000001 /* DictionaryEntryRowView.swift */; };
		AA10000A2F70000100000001 /* DictionaryWordEditorView.swift in Sources */ = {isa = PBXBuildFile; fileRef = AA20000A2F70000100000001 /* DictionaryWordEditorView.swift */; };
		8E2546532F6013ED007E720D /* HomeTabView.swift in Sources */ = {isa = PBXBuildFile; fileRef = 8E25464F2F6013ED007E720D /* HomeTabView.swift */; };
		8E2546542F6013ED007E720D /* StyleTabView.swift in Sources */ = {isa = PBXBuildFile; fileRef = 8E2546522F6013ED007E720D /* StyleTabView.swift */; };
		8E2546552F6013ED007E720D /* MainTabView.swift in Sources */ = {isa = PBXBuildFile; fileRef = 8E2546502F6013ED007E720D /* MainTabView.swift */; };
		8E2546562F6013ED007E720D /* DictionaryTabView.swift in Sources */ = {isa = PBXBuildFile; fileRef = 8E25464E2F6013ED007E720D /* DictionaryTabView.swift */; };
		8E2546572F6013ED007E720D /* SettingsTabView.swift in Sources */ = {isa = PBXBuildFile; fileRef = 8E2546512F6013ED007E720D /* SettingsTabView.swift */; };
		8E6B90482F5C6C4B00EE4F08 /* KeyVoxIPCBridge.swift in Sources */ = {isa = PBXBuildFile; fileRef = 8E6B90472F5C6C4B00EE4F08 /* KeyVoxIPCBridge.swift */; };
		8E6B90492F5C6C8B00EE4F08 /* KeyVoxIPCBridge.swift in Sources */ = {isa = PBXBuildFile; fileRef = 8E6B90472F5C6C4B00EE4F08 /* KeyVoxIPCBridge.swift */; };
		8E6B904A2F5C6C8B00EE4F08 /* iOSUserDefaultsKeys.swift in Sources */ = {isa = PBXBuildFile; fileRef = 9B7001022FB1000100BB0001 /* iOSUserDefaultsKeys.swift */; };
		8E70C9102F62B1DB00E9E555 /* Kanit-Medium.ttf in Resources */ = {isa = PBXBuildFile; fileRef = 8E70C90E2F62B1DB00E9E555 /* Kanit-Medium.ttf */; };
		8E70C9112F62B1DB00E9E555 /* Kanit-Medium.ttf in Resources */ = {isa = PBXBuildFile; fileRef = 8E70C90E2F62B1DB00E9E555 /* Kanit-Medium.ttf */; };
		8E7EC0562F5C28B00080C762 /* KeyVox Keyboard.appex in Embed Foundation Extensions */ = {isa = PBXBuildFile; fileRef = 8E7EC04F2F5C28B00080C762 /* KeyVox Keyboard.appex */; settings = {ATTRIBUTES = (RemoveHeadersOnCopy, ); }; };
		8E9E388E2F5BF41900EAFA72 /* Assets.xcassets in Resources */ = {isa = PBXBuildFile; fileRef = 8E9E38862F5BF41900EAFA72 /* Assets.xcassets */; };
		8E9E38902F5BF41900EAFA72 /* KeyVoxiOSApp.swift in Sources */ = {isa = PBXBuildFile; fileRef = 8E9E388A2F5BF41900EAFA72 /* KeyVoxiOSApp.swift */; };
		8E9E38912F5BF41900EAFA72 /* AppRootView.swift in Sources */ = {isa = PBXBuildFile; fileRef = 8E9E38872F5BF41900EAFA72 /* AppRootView.swift */; };
		8E9E38922F5BF41900EAFA72 /* Assets.xcassets in Resources */ = {isa = PBXBuildFile; fileRef = 8E9E38862F5BF41900EAFA72 /* Assets.xcassets */; };
		8E9E38962F5BF56600EAFA72 /* KeyVoxCore in Frameworks */ = {isa = PBXBuildFile; productRef = 8E9E38952F5BF56600EAFA72 /* KeyVoxCore */; };
		8E9E38982F5BF57100EAFA72 /* keyvox.icon in Resources */ = {isa = PBXBuildFile; fileRef = 8E9E38972F5BF57100EAFA72 /* keyvox.icon */; };
		8E9E38992F5BF57100EAFA72 /* keyvox.icon in Resources */ = {isa = PBXBuildFile; fileRef = 8E9E38972F5BF57100EAFA72 /* keyvox.icon */; };
		8E9E38C12F5C004200EAFA72 /* iOSAppServiceRegistry.swift in Sources */ = {isa = PBXBuildFile; fileRef = 8E9E38BE2F5C004200EAFA72 /* iOSAppServiceRegistry.swift */; };
		8E9E38C22F5C004200EAFA72 /* KeyVoxURLRoute.swift in Sources */ = {isa = PBXBuildFile; fileRef = 8E9E38BF2F5C004200EAFA72 /* KeyVoxURLRoute.swift */; };
		8E9E38C32F5C004200EAFA72 /* KeyVoxURLRouter.swift in Sources */ = {isa = PBXBuildFile; fileRef = 8E9E38C02F5C004200EAFA72 /* KeyVoxURLRouter.swift */; };
		8E9E38D62F5C004200EAFA72 /* iOSAudioRecorder.swift in Sources */ = {isa = PBXBuildFile; fileRef = 8E9E38C42F5C004200EAFA72 /* iOSAudioRecorder.swift */; };
		8E9E38D82F5C004200EAFA72 /* LiveInputSignalState.swift in Sources */ = {isa = PBXBuildFile; fileRef = 8E9E38C82F5C004200EAFA72 /* LiveInputSignalState.swift */; };
		8E9E38D92F5C004200EAFA72 /* iOSTranscriptionManager.swift in Sources */ = {isa = PBXBuildFile; fileRef = 8E9E38CC2F5C004200EAFA72 /* iOSTranscriptionManager.swift */; };
		8E9E38DB2F5C004200EAFA72 /* iOSAudioRecorder+StopPipeline.swift in Sources */ = {isa = PBXBuildFile; fileRef = 8E9E38C62F5C004200EAFA72 /* iOSAudioRecorder+StopPipeline.swift */; };
		8E9E38DC2F5C004200EAFA72 /* iOSAudioRecorder+Session.swift in Sources */ = {isa = PBXBuildFile; fileRef = 8E9E38C52F5C004200EAFA72 /* iOSAudioRecorder+Session.swift */; };
		8E9E38DD2F5C004200EAFA72 /* iOSAudioRecorder+Streaming.swift in Sources */ = {isa = PBXBuildFile; fileRef = 8E9E38C72F5C004200EAFA72 /* iOSAudioRecorder+Streaming.swift */; };
		8E9E38E42F5C104200EAFA72 /* iOSSharedPaths.swift in Sources */ = {isa = PBXBuildFile; fileRef = 8E9E38E12F5C104200EAFA72 /* iOSSharedPaths.swift */; };
		8E9E38E52F5C104200EAFA72 /* iOSDictationService.swift in Sources */ = {isa = PBXBuildFile; fileRef = 8E9E38E22F5C104200EAFA72 /* iOSDictationService.swift */; };
		8E9E38E62F5C104200EAFA72 /* iOSTranscriptionDebugSnapshot.swift in Sources */ = {isa = PBXBuildFile; fileRef = 8E9E38E32F5C104200EAFA72 /* iOSTranscriptionDebugSnapshot.swift */; };
		8EF400012F70000100C0FFEE /* KeyVoxKeyboardBridge.swift in Sources */ = {isa = PBXBuildFile; fileRef = 8EF400022F70000100C0FFEE /* KeyVoxKeyboardBridge.swift */; };
		9A7000012FA6000100AA0001 /* ZIPFoundation in Frameworks */ = {isa = PBXBuildFile; productRef = 9A7000022FA6000100AA0001 /* ZIPFoundation */; };
		9A7000112FA6000100AA0001 /* iOSModelInstallState.swift in Sources */ = {isa = PBXBuildFile; fileRef = 9A7001012FA6000100AA0001 /* iOSModelInstallState.swift */; };
		9A7000122FA6000100AA0001 /* iOSModelManager.swift in Sources */ = {isa = PBXBuildFile; fileRef = 9A7001022FA6000100AA0001 /* iOSModelManager.swift */; };
		9A7000132FA6000100AA0001 /* iOSModelDownloadURLs.swift in Sources */ = {isa = PBXBuildFile; fileRef = 9A7001032FA6000100AA0001 /* iOSModelDownloadURLs.swift */; };
		9A7000142FA6000100AA0001 /* iOSModelDownloadBackgroundTasks.swift in Sources */ = {isa = PBXBuildFile; fileRef = 9A7001042FA6000100AA0001 /* iOSModelDownloadBackgroundTasks.swift */; };
		9A7000152FA6000100AA0001 /* iOSModelInstallManifest.swift in Sources */ = {isa = PBXBuildFile; fileRef = 9A7001052FA6000100AA0001 /* iOSModelInstallManifest.swift */; };
		9A7000162FA6000100AA0001 /* iOSModelManager+InstallLifecycle.swift in Sources */ = {isa = PBXBuildFile; fileRef = 9A7001062FA6000100AA0001 /* iOSModelManager+InstallLifecycle.swift */; };
		9A7000172FA6000100AA0001 /* iOSModelManager+Validation.swift in Sources */ = {isa = PBXBuildFile; fileRef = 9A7001072FA6000100AA0001 /* iOSModelManager+Validation.swift */; };
		9A7000182FA6000100AA0001 /* iOSModelManager+Support.swift in Sources */ = {isa = PBXBuildFile; fileRef = 9A7001082FA6000100AA0001 /* iOSModelManager+Support.swift */; };
		9B7000112FB1000100BB0001 /* iOSAppSettingsStore.swift in Sources */ = {isa = PBXBuildFile; fileRef = 9B7001012FB1000100BB0001 /* iOSAppSettingsStore.swift */; };
		9B7000122FB1000100BB0001 /* iOSUserDefaultsKeys.swift in Sources */ = {isa = PBXBuildFile; fileRef = 9B7001022FB1000100BB0001 /* iOSUserDefaultsKeys.swift */; };
		9B7000132FB1000100BB0001 /* KeyVoxiCloudKeys.swift in Sources */ = {isa = PBXBuildFile; fileRef = 9B7001032FB1000100BB0001 /* KeyVoxiCloudKeys.swift */; };
		9B7000142FB1000100BB0001 /* KeyVoxiCloudPayloads.swift in Sources */ = {isa = PBXBuildFile; fileRef = 9B7001042FB1000100BB0001 /* KeyVoxiCloudPayloads.swift */; };
		9B7000152FB1000100BB0001 /* iOSiCloudSyncCoordinator.swift in Sources */ = {isa = PBXBuildFile; fileRef = 9B7001052FB1000100BB0001 /* iOSiCloudSyncCoordinator.swift */; };
		9C7000012FC1000100CC0001 /* iOSSessionPolicy.swift in Sources */ = {isa = PBXBuildFile; fileRef = 9C7001012FC1000100CC0001 /* iOSSessionPolicy.swift */; };
		9C7000022FC1000100CC0001 /* iOSTranscriptionManager+SessionLifecycle.swift in Sources */ = {isa = PBXBuildFile; fileRef = 9C7001022FC1000100CC0001 /* iOSTranscriptionManager+SessionLifecycle.swift */; };
		9D7000032FD0000100DD0001 /* KeyboardCursorTrackpadSupport.swift in Sources */ = {isa = PBXBuildFile; fileRef = 9D7000012FD0000100DD0001 /* KeyboardCursorTrackpadSupport.swift */; };
		9D7000052FD0000100DD0001 /* KeyboardSpecialKeyInteractionSupport.swift in Sources */ = {isa = PBXBuildFile; fileRef = 9D7000042FD0000100DD0001 /* KeyboardSpecialKeyInteractionSupport.swift */; };
		A12000012FD1000100AA0001 /* iOSWeeklyWordStatsStore.swift in Sources */ = {isa = PBXBuildFile; fileRef = A12000112FD1000100AA0001 /* iOSWeeklyWordStatsStore.swift */; };
		A12000022FD1000100AA0001 /* iOSWeeklyWordStatsCloudSync.swift in Sources */ = {isa = PBXBuildFile; fileRef = A12000122FD1000100AA0001 /* iOSWeeklyWordStatsCloudSync.swift */; };
/* End PBXBuildFile section */

/* Begin PBXContainerItemProxy section */
		8E7EC0542F5C28B00080C762 /* PBXContainerItemProxy */ = {
			isa = PBXContainerItemProxy;
			containerPortal = 8E9E384A2F5BF1F000EAFA72 /* Project object */;
			proxyType = 1;
			remoteGlobalIDString = 8E7EC04E2F5C28B00080C762;
			remoteInfo = "KeyVox Keyboard";
		};
		8E9E38602F5BF1F200EAFA72 /* PBXContainerItemProxy */ = {
			isa = PBXContainerItemProxy;
			containerPortal = 8E9E384A2F5BF1F000EAFA72 /* Project object */;
			proxyType = 1;
			remoteGlobalIDString = 8E9E38512F5BF1F000EAFA72;
			remoteInfo = KeyVox;
		};
/* End PBXContainerItemProxy section */

/* Begin PBXCopyFilesBuildPhase section */
		8E7EC0572F5C28B00080C762 /* Embed Foundation Extensions */ = {
			isa = PBXCopyFilesBuildPhase;
			buildActionMask = 2147483647;
			dstPath = "";
			dstSubfolderSpec = 13;
			files = (
				8E7EC0562F5C28B00080C762 /* KeyVox Keyboard.appex in Embed Foundation Extensions */,
			);
			name = "Embed Foundation Extensions";
			runOnlyForDeploymentPostprocessing = 0;
		};
/* End PBXCopyFilesBuildPhase section */

/* Begin PBXFileReference section */
		AA2000012F70000100000001 /* iOSAppTypography.swift */ = {isa = PBXFileReference; lastKnownFileType = sourcecode.swift; path = iOSAppTypography.swift; sourceTree = "<group>"; };
		AA2000022F70000100000001 /* iOSAppTheme.swift */ = {isa = PBXFileReference; lastKnownFileType = sourcecode.swift; path = iOSAppTheme.swift; sourceTree = "<group>"; };
		AA2000032F70000100000001 /* iOSAppCard.swift */ = {isa = PBXFileReference; lastKnownFileType = sourcecode.swift; path = iOSAppCard.swift; sourceTree = "<group>"; };
		AA2000042F70000100000001 /* iOSAppIconTile.swift */ = {isa = PBXFileReference; lastKnownFileType = sourcecode.swift; path = iOSAppIconTile.swift; sourceTree = "<group>"; };
		AA2000052F70000100000001 /* iOSAppScrollScreen.swift */ = {isa = PBXFileReference; lastKnownFileType = sourcecode.swift; path = iOSAppScrollScreen.swift; sourceTree = "<group>"; };
		AA2000062F70000100000001 /* DictionarySortMode.swift */ = {isa = PBXFileReference; lastKnownFileType = sourcecode.swift; path = DictionarySortMode.swift; sourceTree = "<group>"; };
		AA2000072F70000100000001 /* DictionaryWordEditorMode.swift */ = {isa = PBXFileReference; lastKnownFileType = sourcecode.swift; path = DictionaryWordEditorMode.swift; sourceTree = "<group>"; };
		AA2000082F70000100000001 /* DictionaryHeaderCardView.swift */ = {isa = PBXFileReference; lastKnownFileType = sourcecode.swift; path = DictionaryHeaderCardView.swift; sourceTree = "<group>"; };
		AA2000092F70000100000001 /* DictionaryEntryRowView.swift */ = {isa = PBXFileReference; lastKnownFileType = sourcecode.swift; path = DictionaryEntryRowView.swift; sourceTree = "<group>"; };
		AA20000A2F70000100000001 /* DictionaryWordEditorView.swift */ = {isa = PBXFileReference; lastKnownFileType = sourcecode.swift; path = DictionaryWordEditorView.swift; sourceTree = "<group>"; };
		AA20000C2F70000100000001 /* ContainingAppTab.swift */ = {isa = PBXFileReference; lastKnownFileType = sourcecode.swift; path = ContainingAppTab.swift; sourceTree = "<group>"; };
		AA20000E2F70000100000001 /* AutoFocusTextField.swift */ = {isa = PBXFileReference; lastKnownFileType = sourcecode.swift; path = AutoFocusTextField.swift; sourceTree = "<group>"; };
		AA20000F2F70000100000001 /* KeyboardObserver.swift */ = {isa = PBXFileReference; lastKnownFileType = sourcecode.swift; path = KeyboardObserver.swift; sourceTree = "<group>"; };
		AA2000102F70000100000001 /* DictionaryFloatingAddButton.swift */ = {isa = PBXFileReference; lastKnownFileType = sourcecode.swift; path = DictionaryFloatingAddButton.swift; sourceTree = "<group>"; };
		8E25464E2F6013ED007E720D /* DictionaryTabView.swift */ = {isa = PBXFileReference; lastKnownFileType = sourcecode.swift; path = DictionaryTabView.swift; sourceTree = "<group>"; };
		8E25464F2F6013ED007E720D /* HomeTabView.swift */ = {isa = PBXFileReference; lastKnownFileType = sourcecode.swift; path = HomeTabView.swift; sourceTree = "<group>"; };
		8E2546502F6013ED007E720D /* MainTabView.swift */ = {isa = PBXFileReference; lastKnownFileType = sourcecode.swift; path = MainTabView.swift; sourceTree = "<group>"; };
		8E2546512F6013ED007E720D /* SettingsTabView.swift */ = {isa = PBXFileReference; lastKnownFileType = sourcecode.swift; path = SettingsTabView.swift; sourceTree = "<group>"; };
		8E2546522F6013ED007E720D /* StyleTabView.swift */ = {isa = PBXFileReference; lastKnownFileType = sourcecode.swift; path = StyleTabView.swift; sourceTree = "<group>"; };
		8E6B90472F5C6C4B00EE4F08 /* KeyVoxIPCBridge.swift */ = {isa = PBXFileReference; lastKnownFileType = sourcecode.swift; path = KeyVoxIPCBridge.swift; sourceTree = "<group>"; };
		8E70C90E2F62B1DB00E9E555 /* Kanit-Medium.ttf */ = {isa = PBXFileReference; lastKnownFileType = file; path = "Kanit-Medium.ttf"; sourceTree = "<group>"; };
		8E7EC04F2F5C28B00080C762 /* KeyVox Keyboard.appex */ = {isa = PBXFileReference; explicitFileType = "wrapper.app-extension"; includeInIndex = 0; path = "KeyVox Keyboard.appex"; sourceTree = BUILT_PRODUCTS_DIR; };
		8E9E38522F5BF1F000EAFA72 /* KeyVox iOS.app */ = {isa = PBXFileReference; explicitFileType = wrapper.application; includeInIndex = 0; path = "KeyVox iOS.app"; sourceTree = BUILT_PRODUCTS_DIR; };
		8E9E385F2F5BF1F200EAFA72 /* KeyVox iOSTests.xctest */ = {isa = PBXFileReference; explicitFileType = wrapper.cfbundle; includeInIndex = 0; path = "KeyVox iOSTests.xctest"; sourceTree = BUILT_PRODUCTS_DIR; };
		8E9E38862F5BF41900EAFA72 /* Assets.xcassets */ = {isa = PBXFileReference; lastKnownFileType = folder.assetcatalog; path = Assets.xcassets; sourceTree = "<group>"; };
		8E9E38872F5BF41900EAFA72 /* AppRootView.swift */ = {isa = PBXFileReference; lastKnownFileType = sourcecode.swift; path = AppRootView.swift; sourceTree = "<group>"; };
		8E9E38882F5BF41900EAFA72 /* Info.plist */ = {isa = PBXFileReference; lastKnownFileType = text.plist.xml; path = Info.plist; sourceTree = "<group>"; };
		8E9E38892F5BF41900EAFA72 /* KeyVoxiOS.entitlements */ = {isa = PBXFileReference; lastKnownFileType = text.plist.entitlements; path = KeyVoxiOS.entitlements; sourceTree = "<group>"; };
		8E9E388A2F5BF41900EAFA72 /* KeyVoxiOSApp.swift */ = {isa = PBXFileReference; lastKnownFileType = sourcecode.swift; path = KeyVoxiOSApp.swift; sourceTree = "<group>"; };
		8E9E38972F5BF57100EAFA72 /* keyvox.icon */ = {isa = PBXFileReference; lastKnownFileType = folder.iconcomposer.icon; path = keyvox.icon; sourceTree = "<group>"; };
		8E9E38BE2F5C004200EAFA72 /* iOSAppServiceRegistry.swift */ = {isa = PBXFileReference; lastKnownFileType = sourcecode.swift; path = iOSAppServiceRegistry.swift; sourceTree = "<group>"; };
		8E9E38BF2F5C004200EAFA72 /* KeyVoxURLRoute.swift */ = {isa = PBXFileReference; lastKnownFileType = sourcecode.swift; path = KeyVoxURLRoute.swift; sourceTree = "<group>"; };
		8E9E38C02F5C004200EAFA72 /* KeyVoxURLRouter.swift */ = {isa = PBXFileReference; lastKnownFileType = sourcecode.swift; path = KeyVoxURLRouter.swift; sourceTree = "<group>"; };
		8E9E38C42F5C004200EAFA72 /* iOSAudioRecorder.swift */ = {isa = PBXFileReference; lastKnownFileType = sourcecode.swift; path = iOSAudioRecorder.swift; sourceTree = "<group>"; };
		8E9E38C52F5C004200EAFA72 /* iOSAudioRecorder+Session.swift */ = {isa = PBXFileReference; lastKnownFileType = sourcecode.swift; path = "iOSAudioRecorder+Session.swift"; sourceTree = "<group>"; };
		8E9E38C62F5C004200EAFA72 /* iOSAudioRecorder+StopPipeline.swift */ = {isa = PBXFileReference; lastKnownFileType = sourcecode.swift; path = "iOSAudioRecorder+StopPipeline.swift"; sourceTree = "<group>"; };
		8E9E38C72F5C004200EAFA72 /* iOSAudioRecorder+Streaming.swift */ = {isa = PBXFileReference; lastKnownFileType = sourcecode.swift; path = "iOSAudioRecorder+Streaming.swift"; sourceTree = "<group>"; };
		8E9E38C82F5C004200EAFA72 /* LiveInputSignalState.swift */ = {isa = PBXFileReference; lastKnownFileType = sourcecode.swift; path = LiveInputSignalState.swift; sourceTree = "<group>"; };
		8E9E38CC2F5C004200EAFA72 /* iOSTranscriptionManager.swift */ = {isa = PBXFileReference; lastKnownFileType = sourcecode.swift; path = iOSTranscriptionManager.swift; sourceTree = "<group>"; };
		8E9E38E12F5C104200EAFA72 /* iOSSharedPaths.swift */ = {isa = PBXFileReference; lastKnownFileType = sourcecode.swift; path = iOSSharedPaths.swift; sourceTree = "<group>"; };
		8E9E38E22F5C104200EAFA72 /* iOSDictationService.swift */ = {isa = PBXFileReference; lastKnownFileType = sourcecode.swift; path = iOSDictationService.swift; sourceTree = "<group>"; };
		8E9E38E32F5C104200EAFA72 /* iOSTranscriptionDebugSnapshot.swift */ = {isa = PBXFileReference; lastKnownFileType = sourcecode.swift; path = iOSTranscriptionDebugSnapshot.swift; sourceTree = "<group>"; };
		8EF400022F70000100C0FFEE /* KeyVoxKeyboardBridge.swift */ = {isa = PBXFileReference; lastKnownFileType = sourcecode.swift; path = KeyVoxKeyboardBridge.swift; sourceTree = "<group>"; };
		9A7001012FA6000100AA0001 /* iOSModelInstallState.swift */ = {isa = PBXFileReference; lastKnownFileType = sourcecode.swift; path = iOSModelInstallState.swift; sourceTree = "<group>"; };
		9A7001022FA6000100AA0001 /* iOSModelManager.swift */ = {isa = PBXFileReference; lastKnownFileType = sourcecode.swift; path = iOSModelManager.swift; sourceTree = "<group>"; };
		9A7001032FA6000100AA0001 /* iOSModelDownloadURLs.swift */ = {isa = PBXFileReference; lastKnownFileType = sourcecode.swift; path = iOSModelDownloadURLs.swift; sourceTree = "<group>"; };
		9A7001042FA6000100AA0001 /* iOSModelDownloadBackgroundTasks.swift */ = {isa = PBXFileReference; lastKnownFileType = sourcecode.swift; path = iOSModelDownloadBackgroundTasks.swift; sourceTree = "<group>"; };
		9A7001052FA6000100AA0001 /* iOSModelInstallManifest.swift */ = {isa = PBXFileReference; lastKnownFileType = sourcecode.swift; path = iOSModelInstallManifest.swift; sourceTree = "<group>"; };
		9A7001062FA6000100AA0001 /* iOSModelManager+InstallLifecycle.swift */ = {isa = PBXFileReference; lastKnownFileType = sourcecode.swift; path = "iOSModelManager+InstallLifecycle.swift"; sourceTree = "<group>"; };
		9A7001072FA6000100AA0001 /* iOSModelManager+Validation.swift */ = {isa = PBXFileReference; lastKnownFileType = sourcecode.swift; path = "iOSModelManager+Validation.swift"; sourceTree = "<group>"; };
		9A7001082FA6000100AA0001 /* iOSModelManager+Support.swift */ = {isa = PBXFileReference; lastKnownFileType = sourcecode.swift; path = "iOSModelManager+Support.swift"; sourceTree = "<group>"; };
		9B7001012FB1000100BB0001 /* iOSAppSettingsStore.swift */ = {isa = PBXFileReference; lastKnownFileType = sourcecode.swift; path = iOSAppSettingsStore.swift; sourceTree = "<group>"; };
		9B7001022FB1000100BB0001 /* iOSUserDefaultsKeys.swift */ = {isa = PBXFileReference; lastKnownFileType = sourcecode.swift; path = iOSUserDefaultsKeys.swift; sourceTree = "<group>"; };
		9B7001032FB1000100BB0001 /* KeyVoxiCloudKeys.swift */ = {isa = PBXFileReference; lastKnownFileType = sourcecode.swift; path = KeyVoxiCloudKeys.swift; sourceTree = "<group>"; };
		9B7001042FB1000100BB0001 /* KeyVoxiCloudPayloads.swift */ = {isa = PBXFileReference; lastKnownFileType = sourcecode.swift; path = KeyVoxiCloudPayloads.swift; sourceTree = "<group>"; };
		9B7001052FB1000100BB0001 /* iOSiCloudSyncCoordinator.swift */ = {isa = PBXFileReference; lastKnownFileType = sourcecode.swift; path = iOSiCloudSyncCoordinator.swift; sourceTree = "<group>"; };
		9C7001012FC1000100CC0001 /* iOSSessionPolicy.swift */ = {isa = PBXFileReference; lastKnownFileType = sourcecode.swift; path = iOSSessionPolicy.swift; sourceTree = "<group>"; };
		9C7001022FC1000100CC0001 /* iOSTranscriptionManager+SessionLifecycle.swift */ = {isa = PBXFileReference; lastKnownFileType = sourcecode.swift; path = "iOSTranscriptionManager+SessionLifecycle.swift"; sourceTree = "<group>"; };
		9D7000012FD0000100DD0001 /* KeyboardCursorTrackpadSupport.swift */ = {isa = PBXFileReference; lastKnownFileType = sourcecode.swift; name = KeyboardCursorTrackpadSupport.swift; path = "KeyVox Keyboard/Core/KeyboardCursorTrackpadSupport.swift"; sourceTree = SOURCE_ROOT; };
		9D7000042FD0000100DD0001 /* KeyboardSpecialKeyInteractionSupport.swift */ = {isa = PBXFileReference; lastKnownFileType = sourcecode.swift; name = KeyboardSpecialKeyInteractionSupport.swift; path = "KeyVox Keyboard/Core/KeyboardSpecialKeyInteractionSupport.swift"; sourceTree = SOURCE_ROOT; };
		A12000112FD1000100AA0001 /* iOSWeeklyWordStatsStore.swift */ = {isa = PBXFileReference; lastKnownFileType = sourcecode.swift; path = iOSWeeklyWordStatsStore.swift; sourceTree = "<group>"; };
		A12000122FD1000100AA0001 /* iOSWeeklyWordStatsCloudSync.swift */ = {isa = PBXFileReference; lastKnownFileType = sourcecode.swift; path = iOSWeeklyWordStatsCloudSync.swift; sourceTree = "<group>"; };
/* End PBXFileReference section */

/* Begin PBXFileSystemSynchronizedBuildFileExceptionSet section */
		8E7EC05A2F5C28B00080C762 /* Exceptions for "KeyVox Keyboard" folder in "KeyVox Keyboard" target */ = {
			isa = PBXFileSystemSynchronizedBuildFileExceptionSet;
			membershipExceptions = (
				Info.plist,
			);
			target = 8E7EC04E2F5C28B00080C762 /* KeyVox Keyboard */;
		};
/* End PBXFileSystemSynchronizedBuildFileExceptionSet section */

/* Begin PBXFileSystemSynchronizedRootGroup section */
		8E7EC0502F5C28B00080C762 /* KeyVox Keyboard */ = {
			isa = PBXFileSystemSynchronizedRootGroup;
			exceptions = (
				8E7EC05A2F5C28B00080C762 /* Exceptions for "KeyVox Keyboard" folder in "KeyVox Keyboard" target */,
			);
			path = "KeyVox Keyboard";
			sourceTree = "<group>";
		};
		8E9E38622F5BF1F200EAFA72 /* KeyVoxiOSTests */ = {
			isa = PBXFileSystemSynchronizedRootGroup;
			path = KeyVoxiOSTests;
			sourceTree = "<group>";
		};
/* End PBXFileSystemSynchronizedRootGroup section */

/* Begin PBXFrameworksBuildPhase section */
		8E7EC04C2F5C28B00080C762 /* Frameworks */ = {
			isa = PBXFrameworksBuildPhase;
			buildActionMask = 2147483647;
			files = (
			);
			runOnlyForDeploymentPostprocessing = 0;
		};
		8E9E384F2F5BF1F000EAFA72 /* Frameworks */ = {
			isa = PBXFrameworksBuildPhase;
			buildActionMask = 2147483647;
			files = (
				9A7000012FA6000100AA0001 /* ZIPFoundation in Frameworks */,
				8E9E38962F5BF56600EAFA72 /* KeyVoxCore in Frameworks */,
			);
			runOnlyForDeploymentPostprocessing = 0;
		};
		8E9E385C2F5BF1F200EAFA72 /* Frameworks */ = {
			isa = PBXFrameworksBuildPhase;
			buildActionMask = 2147483647;
			files = (
			);
			runOnlyForDeploymentPostprocessing = 0;
		};
/* End PBXFrameworksBuildPhase section */

/* Begin PBXGroup section */
		AA3000012F70000100000001 /* Components */ = {
			isa = PBXGroup;
			children = (
				AA2000012F70000100000001 /* iOSAppTypography.swift */,
				AA2000022F70000100000001 /* iOSAppTheme.swift */,
				AA2000032F70000100000001 /* iOSAppCard.swift */,
				AA2000042F70000100000001 /* iOSAppIconTile.swift */,
				AA2000052F70000100000001 /* iOSAppScrollScreen.swift */,
			);
			path = Components;
			sourceTree = "<group>";
		};
		AA3000022F70000100000001 /* Dictionary */ = {
			isa = PBXGroup;
			children = (
				AA2000102F70000100000001 /* DictionaryFloatingAddButton.swift */,
				AA20000E2F70000100000001 /* AutoFocusTextField.swift */,
				AA20000F2F70000100000001 /* KeyboardObserver.swift */,
				AA2000062F70000100000001 /* DictionarySortMode.swift */,
				AA2000072F70000100000001 /* DictionaryWordEditorMode.swift */,
				AA2000082F70000100000001 /* DictionaryHeaderCardView.swift */,
				AA2000092F70000100000001 /* DictionaryEntryRowView.swift */,
				AA20000A2F70000100000001 /* DictionaryWordEditorView.swift */,
			);
			path = Dictionary;
			sourceTree = "<group>";
		};
		8E70C90F2F62B1DB00E9E555 /* Resources */ = {
			isa = PBXGroup;
			children = (
				8E70C90E2F62B1DB00E9E555 /* Kanit-Medium.ttf */,
			);
			path = Resources;
			sourceTree = "<group>";
		};
		8E9E38492F5BF1F000EAFA72 = {
			isa = PBXGroup;
			children = (
				8E9E388B2F5BF41900EAFA72 /* KeyVox iOS */,
				8E9E38622F5BF1F200EAFA72 /* KeyVoxiOSTests */,
				8E7EC0502F5C28B00080C762 /* KeyVox Keyboard */,
				8E9E38532F5BF1F000EAFA72 /* Products */,
			);
			sourceTree = "<group>";
		};
		8E9E38532F5BF1F000EAFA72 /* Products */ = {
			isa = PBXGroup;
			children = (
				8E9E38522F5BF1F000EAFA72 /* KeyVox iOS.app */,
				8E9E385F2F5BF1F200EAFA72 /* KeyVox iOSTests.xctest */,
				8E7EC04F2F5C28B00080C762 /* KeyVox Keyboard.appex */,
			);
			name = Products;
			sourceTree = "<group>";
		};
		8E9E388B2F5BF41900EAFA72 /* KeyVox iOS */ = {
			isa = PBXGroup;
			children = (
				8E70C90F2F62B1DB00E9E555 /* Resources */,
				8E9E389A2F5C000000EAFA72 /* App */,
				8E9E389B2F5C000000EAFA72 /* Core */,
				8E9E389C2F5C000000EAFA72 /* Views */,
				8E9E38862F5BF41900EAFA72 /* Assets.xcassets */,
				8E9E38882F5BF41900EAFA72 /* Info.plist */,
				8E9E38972F5BF57100EAFA72 /* keyvox.icon */,
				8E9E38892F5BF41900EAFA72 /* KeyVoxiOS.entitlements */,
			);
			path = "KeyVox iOS";
			sourceTree = "<group>";
		};
		8E9E389A2F5C000000EAFA72 /* App */ = {
			isa = PBXGroup;
			children = (
				8E6B90472F5C6C4B00EE4F08 /* KeyVoxIPCBridge.swift */,
				9B7001092FB1000100BB0001 /* iCloud */,
				9A7001092FA6000100AA0001 /* ModelDownloader */,
				8E9E38E12F5C104200EAFA72 /* iOSSharedPaths.swift */,
				8E9E38BE2F5C004200EAFA72 /* iOSAppServiceRegistry.swift */,
				A12000112FD1000100AA0001 /* iOSWeeklyWordStatsStore.swift */,
				8EF400022F70000100C0FFEE /* KeyVoxKeyboardBridge.swift */,
				8E9E38BF2F5C004200EAFA72 /* KeyVoxURLRoute.swift */,
				8E9E38C02F5C004200EAFA72 /* KeyVoxURLRouter.swift */,
				8E9E388A2F5BF41900EAFA72 /* KeyVoxiOSApp.swift */,
			);
			path = App;
			sourceTree = "<group>";
		};
		8E9E389B2F5C000000EAFA72 /* Core */ = {
			isa = PBXGroup;
			children = (
				8E9E38CB2F5C004200EAFA72 /* Audio */,
				8E9E38CD2F5C004200EAFA72 /* Transcription */,
				9D7000012FD0000100DD0001 /* KeyboardCursorTrackpadSupport.swift */,
				9D7000042FD0000100DD0001 /* KeyboardSpecialKeyInteractionSupport.swift */,
			);
			path = Core;
			sourceTree = "<group>";
		};
		8E9E389C2F5C000000EAFA72 /* Views */ = {
			isa = PBXGroup;
			children = (
				AA3000012F70000100000001 /* Components */,
				AA3000022F70000100000001 /* Dictionary */,
				AA20000C2F70000100000001 /* ContainingAppTab.swift */,
				8E25464E2F6013ED007E720D /* DictionaryTabView.swift */,
				8E25464F2F6013ED007E720D /* HomeTabView.swift */,
				8E2546502F6013ED007E720D /* MainTabView.swift */,
				8E2546512F6013ED007E720D /* SettingsTabView.swift */,
				8E2546522F6013ED007E720D /* StyleTabView.swift */,
				8E9E38872F5BF41900EAFA72 /* AppRootView.swift */,
			);
			path = Views;
			sourceTree = "<group>";
		};
		8E9E38CB2F5C004200EAFA72 /* Audio */ = {
			isa = PBXGroup;
			children = (
				8E9E38C42F5C004200EAFA72 /* iOSAudioRecorder.swift */,
				8E9E38C52F5C004200EAFA72 /* iOSAudioRecorder+Session.swift */,
				8E9E38C62F5C004200EAFA72 /* iOSAudioRecorder+StopPipeline.swift */,
				8E9E38C72F5C004200EAFA72 /* iOSAudioRecorder+Streaming.swift */,
				8E9E38C82F5C004200EAFA72 /* LiveInputSignalState.swift */,
			);
			path = Audio;
			sourceTree = "<group>";
		};
		8E9E38CD2F5C004200EAFA72 /* Transcription */ = {
			isa = PBXGroup;
			children = (
				8E9E38E22F5C104200EAFA72 /* iOSDictationService.swift */,
				8E9E38E32F5C104200EAFA72 /* iOSTranscriptionDebugSnapshot.swift */,
				9C7001012FC1000100CC0001 /* iOSSessionPolicy.swift */,
				8E9E38CC2F5C004200EAFA72 /* iOSTranscriptionManager.swift */,
				9C7001022FC1000100CC0001 /* iOSTranscriptionManager+SessionLifecycle.swift */,
			);
			path = Transcription;
			sourceTree = "<group>";
		};
		9A7001092FA6000100AA0001 /* ModelDownloader */ = {
			isa = PBXGroup;
			children = (
				9A7001012FA6000100AA0001 /* iOSModelInstallState.swift */,
				9A7001022FA6000100AA0001 /* iOSModelManager.swift */,
				9A7001062FA6000100AA0001 /* iOSModelManager+InstallLifecycle.swift */,
				9A7001072FA6000100AA0001 /* iOSModelManager+Validation.swift */,
				9A7001082FA6000100AA0001 /* iOSModelManager+Support.swift */,
				9A7001032FA6000100AA0001 /* iOSModelDownloadURLs.swift */,
				9A7001042FA6000100AA0001 /* iOSModelDownloadBackgroundTasks.swift */,
				9A7001052FA6000100AA0001 /* iOSModelInstallManifest.swift */,
			);
			path = ModelDownloader;
			sourceTree = "<group>";
		};
		9B7001092FB1000100BB0001 /* iCloud */ = {
			isa = PBXGroup;
			children = (
				9B7001012FB1000100BB0001 /* iOSAppSettingsStore.swift */,
				9B7001022FB1000100BB0001 /* iOSUserDefaultsKeys.swift */,
				9B7001032FB1000100BB0001 /* KeyVoxiCloudKeys.swift */,
				9B7001042FB1000100BB0001 /* KeyVoxiCloudPayloads.swift */,
				9B7001052FB1000100BB0001 /* iOSiCloudSyncCoordinator.swift */,
				A12000122FD1000100AA0001 /* iOSWeeklyWordStatsCloudSync.swift */,
			);
			path = iCloud;
			sourceTree = "<group>";
		};
/* End PBXGroup section */

/* Begin PBXNativeTarget section */
		8E7EC04E2F5C28B00080C762 /* KeyVox Keyboard */ = {
			isa = PBXNativeTarget;
			buildConfigurationList = 8E7EC05B2F5C28B00080C762 /* Build configuration list for PBXNativeTarget "KeyVox Keyboard" */;
			buildPhases = (
				8E7EC04B2F5C28B00080C762 /* Sources */,
				8E7EC04C2F5C28B00080C762 /* Frameworks */,
				8E7EC04D2F5C28B00080C762 /* Resources */,
			);
			buildRules = (
			);
			dependencies = (
			);
			fileSystemSynchronizedGroups = (
				8E7EC0502F5C28B00080C762 /* KeyVox Keyboard */,
			);
			name = "KeyVox Keyboard";
			packageProductDependencies = (
			);
			productName = "KeyVox Keyboard";
			productReference = 8E7EC04F2F5C28B00080C762 /* KeyVox Keyboard.appex */;
			productType = "com.apple.product-type.app-extension";
		};
		8E9E38512F5BF1F000EAFA72 /* KeyVox iOS */ = {
			isa = PBXNativeTarget;
			buildConfigurationList = 8E9E38732F5BF1F200EAFA72 /* Build configuration list for PBXNativeTarget "KeyVox iOS" */;
			buildPhases = (
				8E9E384E2F5BF1F000EAFA72 /* Sources */,
				8E9E384F2F5BF1F000EAFA72 /* Frameworks */,
				8E9E38502F5BF1F000EAFA72 /* Resources */,
				8E7EC0572F5C28B00080C762 /* Embed Foundation Extensions */,
			);
			buildRules = (
			);
			dependencies = (
				8E7EC0552F5C28B00080C762 /* PBXTargetDependency */,
			);
			name = "KeyVox iOS";
			packageProductDependencies = (
				8E9E38952F5BF56600EAFA72 /* KeyVoxCore */,
				9A7000022FA6000100AA0001 /* ZIPFoundation */,
			);
			productName = KeyVox;
			productReference = 8E9E38522F5BF1F000EAFA72 /* KeyVox iOS.app */;
			productType = "com.apple.product-type.application";
		};
		8E9E385E2F5BF1F200EAFA72 /* KeyVox iOSTests */ = {
			isa = PBXNativeTarget;
			buildConfigurationList = 8E9E38762F5BF1F200EAFA72 /* Build configuration list for PBXNativeTarget "KeyVox iOSTests" */;
			buildPhases = (
				8E9E385B2F5BF1F200EAFA72 /* Sources */,
				8E9E385C2F5BF1F200EAFA72 /* Frameworks */,
				8E9E385D2F5BF1F200EAFA72 /* Resources */,
			);
			buildRules = (
			);
			dependencies = (
				8E9E38612F5BF1F200EAFA72 /* PBXTargetDependency */,
			);
			fileSystemSynchronizedGroups = (
				8E9E38622F5BF1F200EAFA72 /* KeyVoxiOSTests */,
			);
			name = "KeyVox iOSTests";
			packageProductDependencies = (
			);
			productName = KeyVoxTests;
			productReference = 8E9E385F2F5BF1F200EAFA72 /* KeyVox iOSTests.xctest */;
			productType = "com.apple.product-type.bundle.unit-test";
		};
/* End PBXNativeTarget section */

/* Begin PBXProject section */
		8E9E384A2F5BF1F000EAFA72 /* Project object */ = {
			isa = PBXProject;
			attributes = {
				BuildIndependentTargetsInParallel = 1;
				LastSwiftUpdateCheck = 2630;
				LastUpgradeCheck = 2640;
				TargetAttributes = {
					8E7EC04E2F5C28B00080C762 = {
						CreatedOnToolsVersion = 26.3;
					};
					8E9E38512F5BF1F000EAFA72 = {
						CreatedOnToolsVersion = 26.3;
					};
					8E9E385E2F5BF1F200EAFA72 = {
						CreatedOnToolsVersion = 26.3;
						TestTargetID = 8E9E38512F5BF1F000EAFA72;
					};
				};
			};
			buildConfigurationList = 8E9E384D2F5BF1F000EAFA72 /* Build configuration list for PBXProject "KeyVox iOS" */;
			developmentRegion = en;
			hasScannedForEncodings = 0;
			knownRegions = (
				en,
				Base,
			);
			mainGroup = 8E9E38492F5BF1F000EAFA72;
			minimizedProjectReferenceProxies = 1;
			packageReferences = (
				8E9E38942F5BF56600EAFA72 /* XCLocalSwiftPackageReference "../Packages/KeyVoxCore" */,
				9A7002012FA6000100AA0001 /* XCRemoteSwiftPackageReference "ZIPFoundation" */,
			);
			preferredProjectObjectVersion = 77;
			productRefGroup = 8E9E38532F5BF1F000EAFA72 /* Products */;
			projectDirPath = "";
			projectRoot = "";
			targets = (
				8E9E38512F5BF1F000EAFA72 /* KeyVox iOS */,
				8E9E385E2F5BF1F200EAFA72 /* KeyVox iOSTests */,
				8E7EC04E2F5C28B00080C762 /* KeyVox Keyboard */,
			);
		};
/* End PBXProject section */

/* Begin PBXResourcesBuildPhase section */
		8E7EC04D2F5C28B00080C762 /* Resources */ = {
			isa = PBXResourcesBuildPhase;
			buildActionMask = 2147483647;
			files = (
			);
			runOnlyForDeploymentPostprocessing = 0;
		};
		8E9E38502F5BF1F000EAFA72 /* Resources */ = {
			isa = PBXResourcesBuildPhase;
			buildActionMask = 2147483647;
			files = (
				8E9E38922F5BF41900EAFA72 /* Assets.xcassets in Resources */,
				8E70C9102F62B1DB00E9E555 /* Kanit-Medium.ttf in Resources */,
				8E9E38992F5BF57100EAFA72 /* keyvox.icon in Resources */,
			);
			runOnlyForDeploymentPostprocessing = 0;
		};
		8E9E385D2F5BF1F200EAFA72 /* Resources */ = {
			isa = PBXResourcesBuildPhase;
			buildActionMask = 2147483647;
			files = (
				8E9E388E2F5BF41900EAFA72 /* Assets.xcassets in Resources */,
				8E70C9112F62B1DB00E9E555 /* Kanit-Medium.ttf in Resources */,
				8E9E38982F5BF57100EAFA72 /* keyvox.icon in Resources */,
			);
			runOnlyForDeploymentPostprocessing = 0;
		};
/* End PBXResourcesBuildPhase section */

/* Begin PBXSourcesBuildPhase section */
		8E7EC04B2F5C28B00080C762 /* Sources */ = {
			isa = PBXSourcesBuildPhase;
			buildActionMask = 2147483647;
			files = (
				8E6B90492F5C6C8B00EE4F08 /* KeyVoxIPCBridge.swift in Sources */,
				8E6B904A2F5C6C8B00EE4F08 /* iOSUserDefaultsKeys.swift in Sources */,
			);
			runOnlyForDeploymentPostprocessing = 0;
		};
		8E9E384E2F5BF1F000EAFA72 /* Sources */ = {
			isa = PBXSourcesBuildPhase;
			buildActionMask = 2147483647;
			files = (
				AA10000E2F70000100000001 /* AutoFocusTextField.swift in Sources */,
				AA10000F2F70000100000001 /* KeyboardObserver.swift in Sources */,
				AA10000C2F70000100000001 /* ContainingAppTab.swift in Sources */,
				AA1000012F70000100000001 /* iOSAppTypography.swift in Sources */,
				AA1000022F70000100000001 /* iOSAppTheme.swift in Sources */,
				AA1000032F70000100000001 /* iOSAppCard.swift in Sources */,
				AA1000042F70000100000001 /* iOSAppIconTile.swift in Sources */,
				AA1000052F70000100000001 /* iOSAppScrollScreen.swift in Sources */,
				AA1000062F70000100000001 /* DictionarySortMode.swift in Sources */,
				AA1000072F70000100000001 /* DictionaryWordEditorMode.swift in Sources */,
				AA1000082F70000100000001 /* DictionaryHeaderCardView.swift in Sources */,
				AA1000092F70000100000001 /* DictionaryEntryRowView.swift in Sources */,
				AA1000102F70000100000001 /* DictionaryFloatingAddButton.swift in Sources */,
				AA10000A2F70000100000001 /* DictionaryWordEditorView.swift in Sources */,
				9A7000112FA6000100AA0001 /* iOSModelInstallState.swift in Sources */,
				9A7000122FA6000100AA0001 /* iOSModelManager.swift in Sources */,
				9A7000132FA6000100AA0001 /* iOSModelDownloadURLs.swift in Sources */,
				9A7000142FA6000100AA0001 /* iOSModelDownloadBackgroundTasks.swift in Sources */,
				9A7000152FA6000100AA0001 /* iOSModelInstallManifest.swift in Sources */,
				9A7000162FA6000100AA0001 /* iOSModelManager+InstallLifecycle.swift in Sources */,
				9A7000172FA6000100AA0001 /* iOSModelManager+Validation.swift in Sources */,
				9A7000182FA6000100AA0001 /* iOSModelManager+Support.swift in Sources */,
				9B7000112FB1000100BB0001 /* iOSAppSettingsStore.swift in Sources */,
				9B7000122FB1000100BB0001 /* iOSUserDefaultsKeys.swift in Sources */,
				9B7000132FB1000100BB0001 /* KeyVoxiCloudKeys.swift in Sources */,
				9B7000142FB1000100BB0001 /* KeyVoxiCloudPayloads.swift in Sources */,
				9B7000152FB1000100BB0001 /* iOSiCloudSyncCoordinator.swift in Sources */,
				8E9E38C12F5C004200EAFA72 /* iOSAppServiceRegistry.swift in Sources */,
				A12000012FD1000100AA0001 /* iOSWeeklyWordStatsStore.swift in Sources */,
				A12000022FD1000100AA0001 /* iOSWeeklyWordStatsCloudSync.swift in Sources */,
				8EF400012F70000100C0FFEE /* KeyVoxKeyboardBridge.swift in Sources */,
				8E9E38E42F5C104200EAFA72 /* iOSSharedPaths.swift in Sources */,
				8E9E38C22F5C004200EAFA72 /* KeyVoxURLRoute.swift in Sources */,
				8E9E38C32F5C004200EAFA72 /* KeyVoxURLRouter.swift in Sources */,
				8E9E38D62F5C004200EAFA72 /* iOSAudioRecorder.swift in Sources */,
				8E9E38D82F5C004200EAFA72 /* LiveInputSignalState.swift in Sources */,
				8E9E38E52F5C104200EAFA72 /* iOSDictationService.swift in Sources */,
				8E9E38E62F5C104200EAFA72 /* iOSTranscriptionDebugSnapshot.swift in Sources */,
				9D7000032FD0000100DD0001 /* KeyboardCursorTrackpadSupport.swift in Sources */,
				9D7000052FD0000100DD0001 /* KeyboardSpecialKeyInteractionSupport.swift in Sources */,
				9C7000012FC1000100CC0001 /* iOSSessionPolicy.swift in Sources */,
				8E9E38D92F5C004200EAFA72 /* iOSTranscriptionManager.swift in Sources */,
				9C7000022FC1000100CC0001 /* iOSTranscriptionManager+SessionLifecycle.swift in Sources */,
				8E9E38DB2F5C004200EAFA72 /* iOSAudioRecorder+StopPipeline.swift in Sources */,
				8E9E38DC2F5C004200EAFA72 /* iOSAudioRecorder+Session.swift in Sources */,
				8E9E38DD2F5C004200EAFA72 /* iOSAudioRecorder+Streaming.swift in Sources */,
				8E6B90482F5C6C4B00EE4F08 /* KeyVoxIPCBridge.swift in Sources */,
				8E9E38902F5BF41900EAFA72 /* KeyVoxiOSApp.swift in Sources */,
				8E9E38912F5BF41900EAFA72 /* AppRootView.swift in Sources */,
				8E2546532F6013ED007E720D /* HomeTabView.swift in Sources */,
				8E2546542F6013ED007E720D /* StyleTabView.swift in Sources */,
				8E2546552F6013ED007E720D /* MainTabView.swift in Sources */,
				8E2546562F6013ED007E720D /* DictionaryTabView.swift in Sources */,
				8E2546572F6013ED007E720D /* SettingsTabView.swift in Sources */,
			);
			runOnlyForDeploymentPostprocessing = 0;
		};
		8E9E385B2F5BF1F200EAFA72 /* Sources */ = {
			isa = PBXSourcesBuildPhase;
			buildActionMask = 2147483647;
			files = (
			);
			runOnlyForDeploymentPostprocessing = 0;
		};
/* End PBXSourcesBuildPhase section */

/* Begin PBXTargetDependency section */
		8E7EC0552F5C28B00080C762 /* PBXTargetDependency */ = {
			isa = PBXTargetDependency;
			target = 8E7EC04E2F5C28B00080C762 /* KeyVox Keyboard */;
			targetProxy = 8E7EC0542F5C28B00080C762 /* PBXContainerItemProxy */;
		};
		8E9E38612F5BF1F200EAFA72 /* PBXTargetDependency */ = {
			isa = PBXTargetDependency;
			target = 8E9E38512F5BF1F000EAFA72 /* KeyVox iOS */;
			targetProxy = 8E9E38602F5BF1F200EAFA72 /* PBXContainerItemProxy */;
		};
/* End PBXTargetDependency section */

/* Begin XCBuildConfiguration section */
		8E7EC0582F5C28B00080C762 /* Debug */ = {
			isa = XCBuildConfiguration;
			buildSettings = {
				CODE_SIGN_ENTITLEMENTS = "KeyVox Keyboard/KeyVoxKeyboard.entitlements";
				CODE_SIGN_STYLE = Automatic;
				CURRENT_PROJECT_VERSION = 1;
				DEVELOPMENT_TEAM = U7YT4DBC54;
				GENERATE_INFOPLIST_FILE = YES;
				INFOPLIST_FILE = "KeyVox Keyboard/Info.plist";
				INFOPLIST_KEY_CFBundleDisplayName = "KeyVox Keyboard";
				INFOPLIST_KEY_NSHumanReadableCopyright = "";
				IPHONEOS_DEPLOYMENT_TARGET = 18.6;
				LD_RUNPATH_SEARCH_PATHS = (
					"$(inherited)",
					"@executable_path/Frameworks",
					"@executable_path/../../Frameworks",
				);
				MARKETING_VERSION = 1.0;
				PRODUCT_BUNDLE_IDENTIFIER = com.cueit.keyvox.ios.keyboard;
				PRODUCT_NAME = "$(TARGET_NAME)";
				SKIP_INSTALL = YES;
				STRING_CATALOG_GENERATE_SYMBOLS = YES;
				SWIFT_APPROACHABLE_CONCURRENCY = YES;
				SWIFT_EMIT_LOC_STRINGS = YES;
				SWIFT_UPCOMING_FEATURE_MEMBER_IMPORT_VISIBILITY = YES;
				SWIFT_VERSION = 5.0;
				TARGETED_DEVICE_FAMILY = "1,2";
			};
			name = Debug;
		};
		8E7EC0592F5C28B00080C762 /* Release */ = {
			isa = XCBuildConfiguration;
			buildSettings = {
				CODE_SIGN_ENTITLEMENTS = "KeyVox Keyboard/KeyVoxKeyboard.entitlements";
				CODE_SIGN_STYLE = Automatic;
				CURRENT_PROJECT_VERSION = 1;
				DEVELOPMENT_TEAM = U7YT4DBC54;
				GENERATE_INFOPLIST_FILE = YES;
				INFOPLIST_FILE = "KeyVox Keyboard/Info.plist";
				INFOPLIST_KEY_CFBundleDisplayName = "KeyVox Keyboard";
				INFOPLIST_KEY_NSHumanReadableCopyright = "";
				IPHONEOS_DEPLOYMENT_TARGET = 18.6;
				LD_RUNPATH_SEARCH_PATHS = (
					"$(inherited)",
					"@executable_path/Frameworks",
					"@executable_path/../../Frameworks",
				);
				MARKETING_VERSION = 1.0;
				PRODUCT_BUNDLE_IDENTIFIER = com.cueit.keyvox.ios.keyboard;
				PRODUCT_NAME = "$(TARGET_NAME)";
				SKIP_INSTALL = YES;
				STRING_CATALOG_GENERATE_SYMBOLS = YES;
				SWIFT_APPROACHABLE_CONCURRENCY = YES;
				SWIFT_EMIT_LOC_STRINGS = YES;
				SWIFT_UPCOMING_FEATURE_MEMBER_IMPORT_VISIBILITY = YES;
				SWIFT_VERSION = 5.0;
				TARGETED_DEVICE_FAMILY = "1,2";
			};
			name = Release;
		};
		8E9E38712F5BF1F200EAFA72 /* Debug */ = {
			isa = XCBuildConfiguration;
			buildSettings = {
				ALWAYS_SEARCH_USER_PATHS = NO;
				ASSETCATALOG_COMPILER_GENERATE_SWIFT_ASSET_SYMBOL_EXTENSIONS = YES;
				CLANG_ANALYZER_NONNULL = YES;
				CLANG_ANALYZER_NUMBER_OBJECT_CONVERSION = YES_AGGRESSIVE;
				CLANG_CXX_LANGUAGE_STANDARD = "gnu++20";
				CLANG_ENABLE_MODULES = YES;
				CLANG_ENABLE_OBJC_ARC = YES;
				CLANG_ENABLE_OBJC_WEAK = YES;
				CLANG_WARN_BLOCK_CAPTURE_AUTORELEASING = YES;
				CLANG_WARN_BOOL_CONVERSION = YES;
				CLANG_WARN_COMMA = YES;
				CLANG_WARN_CONSTANT_CONVERSION = YES;
				CLANG_WARN_DEPRECATED_OBJC_IMPLEMENTATIONS = YES;
				CLANG_WARN_DIRECT_OBJC_ISA_USAGE = YES_ERROR;
				CLANG_WARN_DOCUMENTATION_COMMENTS = YES;
				CLANG_WARN_EMPTY_BODY = YES;
				CLANG_WARN_ENUM_CONVERSION = YES;
				CLANG_WARN_INFINITE_RECURSION = YES;
				CLANG_WARN_INT_CONVERSION = YES;
				CLANG_WARN_NON_LITERAL_NULL_CONVERSION = YES;
				CLANG_WARN_OBJC_IMPLICIT_RETAIN_SELF = YES;
				CLANG_WARN_OBJC_LITERAL_CONVERSION = YES;
				CLANG_WARN_OBJC_ROOT_CLASS = YES_ERROR;
				CLANG_WARN_QUOTED_INCLUDE_IN_FRAMEWORK_HEADER = YES;
				CLANG_WARN_RANGE_LOOP_ANALYSIS = YES;
				CLANG_WARN_STRICT_PROTOTYPES = YES;
				CLANG_WARN_SUSPICIOUS_MOVE = YES;
				CLANG_WARN_UNGUARDED_AVAILABILITY = YES_AGGRESSIVE;
				CLANG_WARN_UNREACHABLE_CODE = YES;
				CLANG_WARN__DUPLICATE_METHOD_MATCH = YES;
				COPY_PHASE_STRIP = NO;
				DEBUG_INFORMATION_FORMAT = dwarf;
				DEVELOPMENT_TEAM = U7YT4DBC54;
				ENABLE_STRICT_OBJC_MSGSEND = YES;
				ENABLE_TESTABILITY = YES;
				ENABLE_USER_SCRIPT_SANDBOXING = YES;
				GCC_C_LANGUAGE_STANDARD = gnu17;
				GCC_DYNAMIC_NO_PIC = NO;
				GCC_NO_COMMON_BLOCKS = YES;
				GCC_OPTIMIZATION_LEVEL = 0;
				GCC_PREPROCESSOR_DEFINITIONS = (
					"DEBUG=1",
					"$(inherited)",
				);
				GCC_WARN_64_TO_32_BIT_CONVERSION = YES;
				GCC_WARN_ABOUT_RETURN_TYPE = YES_ERROR;
				GCC_WARN_UNDECLARED_SELECTOR = YES;
				GCC_WARN_UNINITIALIZED_AUTOS = YES_AGGRESSIVE;
				GCC_WARN_UNUSED_FUNCTION = YES;
				GCC_WARN_UNUSED_VARIABLE = YES;
				IPHONEOS_DEPLOYMENT_TARGET = 18.6;
				LOCALIZATION_PREFERS_STRING_CATALOGS = YES;
				MTL_ENABLE_DEBUG_INFO = INCLUDE_SOURCE;
				MTL_FAST_MATH = YES;
				ONLY_ACTIVE_ARCH = YES;
				SDKROOT = iphoneos;
				STRING_CATALOG_GENERATE_SYMBOLS = YES;
				SWIFT_ACTIVE_COMPILATION_CONDITIONS = "DEBUG $(inherited)";
				SWIFT_OPTIMIZATION_LEVEL = "-Onone";
			};
			name = Debug;
		};
		8E9E38722F5BF1F200EAFA72 /* Release */ = {
			isa = XCBuildConfiguration;
			buildSettings = {
				ALWAYS_SEARCH_USER_PATHS = NO;
				ASSETCATALOG_COMPILER_GENERATE_SWIFT_ASSET_SYMBOL_EXTENSIONS = YES;
				CLANG_ANALYZER_NONNULL = YES;
				CLANG_ANALYZER_NUMBER_OBJECT_CONVERSION = YES_AGGRESSIVE;
				CLANG_CXX_LANGUAGE_STANDARD = "gnu++20";
				CLANG_ENABLE_MODULES = YES;
				CLANG_ENABLE_OBJC_ARC = YES;
				CLANG_ENABLE_OBJC_WEAK = YES;
				CLANG_WARN_BLOCK_CAPTURE_AUTORELEASING = YES;
				CLANG_WARN_BOOL_CONVERSION = YES;
				CLANG_WARN_COMMA = YES;
				CLANG_WARN_CONSTANT_CONVERSION = YES;
				CLANG_WARN_DEPRECATED_OBJC_IMPLEMENTATIONS = YES;
				CLANG_WARN_DIRECT_OBJC_ISA_USAGE = YES_ERROR;
				CLANG_WARN_DOCUMENTATION_COMMENTS = YES;
				CLANG_WARN_EMPTY_BODY = YES;
				CLANG_WARN_ENUM_CONVERSION = YES;
				CLANG_WARN_INFINITE_RECURSION = YES;
				CLANG_WARN_INT_CONVERSION = YES;
				CLANG_WARN_NON_LITERAL_NULL_CONVERSION = YES;
				CLANG_WARN_OBJC_IMPLICIT_RETAIN_SELF = YES;
				CLANG_WARN_OBJC_LITERAL_CONVERSION = YES;
				CLANG_WARN_OBJC_ROOT_CLASS = YES_ERROR;
				CLANG_WARN_QUOTED_INCLUDE_IN_FRAMEWORK_HEADER = YES;
				CLANG_WARN_RANGE_LOOP_ANALYSIS = YES;
				CLANG_WARN_STRICT_PROTOTYPES = YES;
				CLANG_WARN_SUSPICIOUS_MOVE = YES;
				CLANG_WARN_UNGUARDED_AVAILABILITY = YES_AGGRESSIVE;
				CLANG_WARN_UNREACHABLE_CODE = YES;
				CLANG_WARN__DUPLICATE_METHOD_MATCH = YES;
				COPY_PHASE_STRIP = NO;
				DEBUG_INFORMATION_FORMAT = "dwarf-with-dsym";
				DEVELOPMENT_TEAM = U7YT4DBC54;
				ENABLE_NS_ASSERTIONS = NO;
				ENABLE_STRICT_OBJC_MSGSEND = YES;
				ENABLE_USER_SCRIPT_SANDBOXING = YES;
				GCC_C_LANGUAGE_STANDARD = gnu17;
				GCC_NO_COMMON_BLOCKS = YES;
				GCC_WARN_64_TO_32_BIT_CONVERSION = YES;
				GCC_WARN_ABOUT_RETURN_TYPE = YES_ERROR;
				GCC_WARN_UNDECLARED_SELECTOR = YES;
				GCC_WARN_UNINITIALIZED_AUTOS = YES_AGGRESSIVE;
				GCC_WARN_UNUSED_FUNCTION = YES;
				GCC_WARN_UNUSED_VARIABLE = YES;
				IPHONEOS_DEPLOYMENT_TARGET = 18.6;
				LOCALIZATION_PREFERS_STRING_CATALOGS = YES;
				MTL_ENABLE_DEBUG_INFO = NO;
				MTL_FAST_MATH = YES;
				SDKROOT = iphoneos;
				STRING_CATALOG_GENERATE_SYMBOLS = YES;
				SWIFT_COMPILATION_MODE = wholemodule;
				VALIDATE_PRODUCT = YES;
			};
			name = Release;
		};
		8E9E38742F5BF1F200EAFA72 /* Debug */ = {
			isa = XCBuildConfiguration;
			buildSettings = {
				ASSETCATALOG_COMPILER_APPICON_NAME = keyvox;
				ASSETCATALOG_COMPILER_GLOBAL_ACCENT_COLOR_NAME = AccentColor;
				CODE_SIGN_ENTITLEMENTS = "KeyVox iOS/KeyVoxiOS.entitlements";
				CODE_SIGN_IDENTITY = "Apple Development";
				CODE_SIGN_STYLE = Automatic;
				CURRENT_PROJECT_VERSION = 1;
				DEVELOPMENT_TEAM = U7YT4DBC54;
				ENABLE_PREVIEWS = YES;
				GENERATE_INFOPLIST_FILE = YES;
				INFOPLIST_FILE = "KeyVox iOS/Info.plist";
				INFOPLIST_KEY_CFBundleDisplayName = KeyVox;
				INFOPLIST_KEY_LSApplicationCategoryType = "public.app-category.utilities";
				INFOPLIST_KEY_UIApplicationSceneManifest_Generation = YES;
				INFOPLIST_KEY_UIApplicationSupportsIndirectInputEvents = YES;
				INFOPLIST_KEY_UILaunchScreen_Generation = YES;
				INFOPLIST_KEY_UISupportedInterfaceOrientations = UIInterfaceOrientationPortrait;
				INFOPLIST_KEY_UISupportedInterfaceOrientations_iPad = UIInterfaceOrientationPortrait;
				IPHONEOS_DEPLOYMENT_TARGET = 18.6;
				LD_RUNPATH_SEARCH_PATHS = (
					"$(inherited)",
					"@executable_path/Frameworks",
				);
				MARKETING_VERSION = 1.0;
				PRODUCT_BUNDLE_IDENTIFIER = com.cueit.keyvox.ios;
				PRODUCT_NAME = "$(TARGET_NAME)";
				PROVISIONING_PROFILE_SPECIFIER = "";
				STRING_CATALOG_GENERATE_SYMBOLS = YES;
				SUPPORTED_PLATFORMS = "iphoneos iphonesimulator";
				SUPPORTS_MACCATALYST = NO;
				SUPPORTS_MAC_DESIGNED_FOR_IPHONE_IPAD = NO;
				SUPPORTS_XR_DESIGNED_FOR_IPHONE_IPAD = NO;
				SWIFT_APPROACHABLE_CONCURRENCY = YES;
				SWIFT_DEFAULT_ACTOR_ISOLATION = MainActor;
				SWIFT_EMIT_LOC_STRINGS = YES;
				SWIFT_UPCOMING_FEATURE_MEMBER_IMPORT_VISIBILITY = YES;
				SWIFT_VERSION = 5.0;
				TARGETED_DEVICE_FAMILY = 1;
			};
			name = Debug;
		};
		8E9E38752F5BF1F200EAFA72 /* Release */ = {
			isa = XCBuildConfiguration;
			buildSettings = {
				ASSETCATALOG_COMPILER_APPICON_NAME = keyvox;
				ASSETCATALOG_COMPILER_GLOBAL_ACCENT_COLOR_NAME = AccentColor;
				CODE_SIGN_ENTITLEMENTS = "KeyVox iOS/KeyVoxiOS.entitlements";
				CODE_SIGN_IDENTITY = "Apple Development";
				CODE_SIGN_STYLE = Automatic;
				CURRENT_PROJECT_VERSION = 1;
				DEVELOPMENT_TEAM = U7YT4DBC54;
				ENABLE_PREVIEWS = YES;
				GENERATE_INFOPLIST_FILE = YES;
				INFOPLIST_FILE = "KeyVox iOS/Info.plist";
				INFOPLIST_KEY_CFBundleDisplayName = KeyVox;
				INFOPLIST_KEY_LSApplicationCategoryType = "public.app-category.utilities";
				INFOPLIST_KEY_UIApplicationSceneManifest_Generation = YES;
				INFOPLIST_KEY_UIApplicationSupportsIndirectInputEvents = YES;
				INFOPLIST_KEY_UILaunchScreen_Generation = YES;
				INFOPLIST_KEY_UISupportedInterfaceOrientations = UIInterfaceOrientationPortrait;
				INFOPLIST_KEY_UISupportedInterfaceOrientations_iPad = UIInterfaceOrientationPortrait;
				IPHONEOS_DEPLOYMENT_TARGET = 18.6;
				LD_RUNPATH_SEARCH_PATHS = (
					"$(inherited)",
					"@executable_path/Frameworks",
				);
				MARKETING_VERSION = 1.0;
				PRODUCT_BUNDLE_IDENTIFIER = com.cueit.keyvox.ios;
				PRODUCT_NAME = "$(TARGET_NAME)";
				PROVISIONING_PROFILE_SPECIFIER = "";
				STRING_CATALOG_GENERATE_SYMBOLS = YES;
				SUPPORTED_PLATFORMS = "iphoneos iphonesimulator";
				SUPPORTS_MACCATALYST = NO;
				SUPPORTS_MAC_DESIGNED_FOR_IPHONE_IPAD = NO;
				SUPPORTS_XR_DESIGNED_FOR_IPHONE_IPAD = NO;
				SWIFT_APPROACHABLE_CONCURRENCY = YES;
				SWIFT_DEFAULT_ACTOR_ISOLATION = MainActor;
				SWIFT_EMIT_LOC_STRINGS = YES;
				SWIFT_UPCOMING_FEATURE_MEMBER_IMPORT_VISIBILITY = YES;
				SWIFT_VERSION = 5.0;
				TARGETED_DEVICE_FAMILY = 1;
			};
			name = Release;
		};
		8E9E38772F5BF1F200EAFA72 /* Debug */ = {
			isa = XCBuildConfiguration;
			buildSettings = {
				BUNDLE_LOADER = "$(TEST_HOST)";
				CODE_SIGN_STYLE = Automatic;
				CURRENT_PROJECT_VERSION = 1;
				DEVELOPMENT_TEAM = U7YT4DBC54;
				GENERATE_INFOPLIST_FILE = YES;
				IPHONEOS_DEPLOYMENT_TARGET = 18.6;
				MARKETING_VERSION = 1.0;
				PRODUCT_BUNDLE_IDENTIFIER = com.cueit.KeyVoxTests;
				PRODUCT_NAME = "$(TARGET_NAME)";
				STRING_CATALOG_GENERATE_SYMBOLS = NO;
				SWIFT_APPROACHABLE_CONCURRENCY = YES;
				SWIFT_EMIT_LOC_STRINGS = NO;
				SWIFT_UPCOMING_FEATURE_MEMBER_IMPORT_VISIBILITY = YES;
				SWIFT_VERSION = 5.0;
				TARGETED_DEVICE_FAMILY = 1;
				TEST_HOST = "$(BUILT_PRODUCTS_DIR)/KeyVox iOS.app/$(BUNDLE_EXECUTABLE_FOLDER_PATH)/KeyVox iOS";
			};
			name = Debug;
		};
		8E9E38782F5BF1F200EAFA72 /* Release */ = {
			isa = XCBuildConfiguration;
			buildSettings = {
				BUNDLE_LOADER = "$(TEST_HOST)";
				CODE_SIGN_STYLE = Automatic;
				CURRENT_PROJECT_VERSION = 1;
				DEVELOPMENT_TEAM = U7YT4DBC54;
				GENERATE_INFOPLIST_FILE = YES;
				IPHONEOS_DEPLOYMENT_TARGET = 18.6;
				MARKETING_VERSION = 1.0;
				PRODUCT_BUNDLE_IDENTIFIER = com.cueit.KeyVoxTests;
				PRODUCT_NAME = "$(TARGET_NAME)";
				STRING_CATALOG_GENERATE_SYMBOLS = NO;
				SWIFT_APPROACHABLE_CONCURRENCY = YES;
				SWIFT_EMIT_LOC_STRINGS = NO;
				SWIFT_UPCOMING_FEATURE_MEMBER_IMPORT_VISIBILITY = YES;
				SWIFT_VERSION = 5.0;
				TARGETED_DEVICE_FAMILY = 1;
				TEST_HOST = "$(BUILT_PRODUCTS_DIR)/KeyVox iOS.app/$(BUNDLE_EXECUTABLE_FOLDER_PATH)/KeyVox iOS";
			};
			name = Release;
		};
/* End XCBuildConfiguration section */

/* Begin XCConfigurationList section */
		8E7EC05B2F5C28B00080C762 /* Build configuration list for PBXNativeTarget "KeyVox Keyboard" */ = {
			isa = XCConfigurationList;
			buildConfigurations = (
				8E7EC0582F5C28B00080C762 /* Debug */,
				8E7EC0592F5C28B00080C762 /* Release */,
			);
			defaultConfigurationIsVisible = 0;
			defaultConfigurationName = Release;
		};
		8E9E384D2F5BF1F000EAFA72 /* Build configuration list for PBXProject "KeyVox iOS" */ = {
			isa = XCConfigurationList;
			buildConfigurations = (
				8E9E38712F5BF1F200EAFA72 /* Debug */,
				8E9E38722F5BF1F200EAFA72 /* Release */,
			);
			defaultConfigurationIsVisible = 0;
			defaultConfigurationName = Release;
		};
		8E9E38732F5BF1F200EAFA72 /* Build configuration list for PBXNativeTarget "KeyVox iOS" */ = {
			isa = XCConfigurationList;
			buildConfigurations = (
				8E9E38742F5BF1F200EAFA72 /* Debug */,
				8E9E38752F5BF1F200EAFA72 /* Release */,
			);
			defaultConfigurationIsVisible = 0;
			defaultConfigurationName = Release;
		};
		8E9E38762F5BF1F200EAFA72 /* Build configuration list for PBXNativeTarget "KeyVox iOSTests" */ = {
			isa = XCConfigurationList;
			buildConfigurations = (
				8E9E38772F5BF1F200EAFA72 /* Debug */,
				8E9E38782F5BF1F200EAFA72 /* Release */,
			);
			defaultConfigurationIsVisible = 0;
			defaultConfigurationName = Release;
		};
/* End XCConfigurationList section */

/* Begin XCLocalSwiftPackageReference section */
		8E9E38942F5BF56600EAFA72 /* XCLocalSwiftPackageReference "../Packages/KeyVoxCore" */ = {
			isa = XCLocalSwiftPackageReference;
			relativePath = ../Packages/KeyVoxCore;
		};
/* End XCLocalSwiftPackageReference section */

/* Begin XCRemoteSwiftPackageReference section */
		9A7002012FA6000100AA0001 /* XCRemoteSwiftPackageReference "ZIPFoundation" */ = {
			isa = XCRemoteSwiftPackageReference;
			repositoryURL = "https://github.com/weichsel/ZIPFoundation";
			requirement = {
				kind = upToNextMajorVersion;
				minimumVersion = 0.9.19;
			};
		};
/* End XCRemoteSwiftPackageReference section */

/* Begin XCSwiftPackageProductDependency section */
		8E9E38952F5BF56600EAFA72 /* KeyVoxCore */ = {
			isa = XCSwiftPackageProductDependency;
			productName = KeyVoxCore;
		};
		9A7000022FA6000100AA0001 /* ZIPFoundation */ = {
			isa = XCSwiftPackageProductDependency;
			package = 9A7002012FA6000100AA0001 /* XCRemoteSwiftPackageReference "ZIPFoundation" */;
			productName = ZIPFoundation;
		};
/* End XCSwiftPackageProductDependency section */
	};
	rootObject = 8E9E384A2F5BF1F000EAFA72 /* Project object */;
}
