// !$*UTF8*$!
{
	archiveVersion = 1;
	classes = {
	};
	objectVersion = 77;
	objects = {

/* Begin PBXBuildFile section */
		8E6D05C62F3C51C9003BD458 /* ContentView.swift in Sources */ = {isa = PBXBuildFile; fileRef = 8E6D05C32F3C51C9003BD458 /* ContentView.swift */; };
		8E6D05C72F3C51C9003BD458 /* KeyVoxApp.swift in Sources */ = {isa = PBXBuildFile; fileRef = 8E6D05C42F3C51C9003BD458 /* KeyVoxApp.swift */; };
		8E6D05DC2F3C523D003BD458 /* StatusMenuView.swift in Sources */ = {isa = PBXBuildFile; fileRef = 8E6D05DA2F3C51D6003BD458 /* StatusMenuView.swift */; };
		8E6D05DD2F3C523D003BD458 /* RecordingOverlay.swift in Sources */ = {isa = PBXBuildFile; fileRef = 8E6D05D82F3C51D6003BD458 /* RecordingOverlay.swift */; };
		8E6D05DE2F3C523D003BD458 /* OnboardingView.swift in Sources */ = {isa = PBXBuildFile; fileRef = 8E6D05D72F3C51D6003BD458 /* OnboardingView.swift */; };
		8E6D05DF2F3C523D003BD458 /* SettingsView.swift in Sources */ = {isa = PBXBuildFile; fileRef = 8E6D05D92F3C51D6003BD458 /* SettingsView.swift */; };
		8E6D05E02F3C5246003BD458 /* ModelDownloader.swift in Sources */ = {isa = PBXBuildFile; fileRef = 8E6D05CD2F3C51D6003BD458 /* ModelDownloader.swift */; };
		8E6D05E12F3C5246003BD458 /* KeyboardMonitor.swift in Sources */ = {isa = PBXBuildFile; fileRef = 8E6D05CC2F3C51D6003BD458 /* KeyboardMonitor.swift */; };
		8E6D05E22F3C5246003BD458 /* AudioRecorder.swift in Sources */ = {isa = PBXBuildFile; fileRef = 8E6D05CB2F3C51D6003BD458 /* AudioRecorder.swift */; };
		8E6D05E32F3C5246003BD458 /* TranscriptionManager.swift in Sources */ = {isa = PBXBuildFile; fileRef = 8E6D05CE2F3C51D6003BD458 /* TranscriptionManager.swift */; };
		8E6D05E42F3C524B003BD458 /* UIComponents.swift in Sources */ = {isa = PBXBuildFile; fileRef = 8E6D05D52F3C51D6003BD458 /* UIComponents.swift */; };
		8E6D05E52F3C524B003BD458 /* KeyVoxLogo.swift in Sources */ = {isa = PBXBuildFile; fileRef = 8E6D05D42F3C51D6003BD458 /* KeyVoxLogo.swift */; };
		8E6D05E62F3C5251003BD458 /* WhisperService.swift in Sources */ = {isa = PBXBuildFile; fileRef = 8E6D05C92F3C51D6003BD458 /* WhisperService.swift */; };
		8E6D05E72F3C5251003BD458 /* PasteService.swift in Sources */ = {isa = PBXBuildFile; fileRef = 8E6D05C82F3C51D6003BD458 /* PasteService.swift */; };
		8E927F652F3C532800C071B3 /* Assets.xcassets in Resources */ = {isa = PBXBuildFile; fileRef = 8E6D05D02F3C51D6003BD458 /* Assets.xcassets */; };
		8E927F662F3C532D00C071B3 /* Kanit-Medium.ttf in Resources */ = {isa = PBXBuildFile; fileRef = 8E6D05D12F3C51D6003BD458 /* Kanit-Medium.ttf */; };
		8E927F672F3C533300C071B3 /* keyvox.icon in Resources */ = {isa = PBXBuildFile; fileRef = 8E6D05D22F3C51D6003BD458 /* keyvox.icon */; };
		8EE0049F2F3BA79A00BBAB30 /* SwiftWhisper in Frameworks */ = {isa = PBXBuildFile; productRef = 8EE0049E2F3BA79A00BBAB30 /* SwiftWhisper */; };
/* End PBXBuildFile section */

/* Begin PBXFileReference section */
		8E6D05C32F3C51C9003BD458 /* ContentView.swift */ = {isa = PBXFileReference; lastKnownFileType = sourcecode.swift; path = ContentView.swift; sourceTree = "<group>"; };
		8E6D05C42F3C51C9003BD458 /* KeyVoxApp.swift */ = {isa = PBXFileReference; lastKnownFileType = sourcecode.swift; path = KeyVoxApp.swift; sourceTree = "<group>"; };
		8E6D05C82F3C51D6003BD458 /* PasteService.swift */ = {isa = PBXFileReference; lastKnownFileType = sourcecode.swift; path = PasteService.swift; sourceTree = "<group>"; };
		8E6D05C92F3C51D6003BD458 /* WhisperService.swift */ = {isa = PBXFileReference; lastKnownFileType = sourcecode.swift; path = WhisperService.swift; sourceTree = "<group>"; };
		8E6D05CB2F3C51D6003BD458 /* AudioRecorder.swift */ = {isa = PBXFileReference; lastKnownFileType = sourcecode.swift; path = AudioRecorder.swift; sourceTree = "<group>"; };
		8E6D05CC2F3C51D6003BD458 /* KeyboardMonitor.swift */ = {isa = PBXFileReference; lastKnownFileType = sourcecode.swift; path = KeyboardMonitor.swift; sourceTree = "<group>"; };
		8E6D05CD2F3C51D6003BD458 /* ModelDownloader.swift */ = {isa = PBXFileReference; lastKnownFileType = sourcecode.swift; path = ModelDownloader.swift; sourceTree = "<group>"; };
		8E6D05CE2F3C51D6003BD458 /* TranscriptionManager.swift */ = {isa = PBXFileReference; lastKnownFileType = sourcecode.swift; path = TranscriptionManager.swift; sourceTree = "<group>"; };
		8E6D05D02F3C51D6003BD458 /* Assets.xcassets */ = {isa = PBXFileReference; lastKnownFileType = folder.assetcatalog; path = Assets.xcassets; sourceTree = "<group>"; };
		8E6D05D12F3C51D6003BD458 /* Kanit-Medium.ttf */ = {isa = PBXFileReference; lastKnownFileType = file; path = "Kanit-Medium.ttf"; sourceTree = "<group>"; };
		8E6D05D22F3C51D6003BD458 /* keyvox.icon */ = {isa = PBXFileReference; lastKnownFileType = folder.iconcomposer.icon; path = keyvox.icon; sourceTree = "<group>"; };
		8E6D05D42F3C51D6003BD458 /* KeyVoxLogo.swift */ = {isa = PBXFileReference; lastKnownFileType = sourcecode.swift; path = KeyVoxLogo.swift; sourceTree = "<group>"; };
		8E6D05D52F3C51D6003BD458 /* UIComponents.swift */ = {isa = PBXFileReference; lastKnownFileType = sourcecode.swift; path = UIComponents.swift; sourceTree = "<group>"; };
		8E6D05D72F3C51D6003BD458 /* OnboardingView.swift */ = {isa = PBXFileReference; lastKnownFileType = sourcecode.swift; path = OnboardingView.swift; sourceTree = "<group>"; };
		8E6D05D82F3C51D6003BD458 /* RecordingOverlay.swift */ = {isa = PBXFileReference; lastKnownFileType = sourcecode.swift; path = RecordingOverlay.swift; sourceTree = "<group>"; };
		8E6D05D92F3C51D6003BD458 /* SettingsView.swift */ = {isa = PBXFileReference; lastKnownFileType = sourcecode.swift; path = SettingsView.swift; sourceTree = "<group>"; };
		8E6D05DA2F3C51D6003BD458 /* StatusMenuView.swift */ = {isa = PBXFileReference; lastKnownFileType = sourcecode.swift; path = StatusMenuView.swift; sourceTree = "<group>"; };
		8EE0045A2F3BA59900BBAB30 /* KeyVox.app */ = {isa = PBXFileReference; explicitFileType = wrapper.application; includeInIndex = 0; path = KeyVox.app; sourceTree = BUILT_PRODUCTS_DIR; };
/* End PBXFileReference section */

/* Begin PBXFrameworksBuildPhase section */
		8EE004572F3BA59900BBAB30 /* Frameworks */ = {
			isa = PBXFrameworksBuildPhase;
			buildActionMask = 2147483647;
			files = (
				8EE0049F2F3BA79A00BBAB30 /* SwiftWhisper in Frameworks */,
			);
			runOnlyForDeploymentPostprocessing = 0;
		};
/* End PBXFrameworksBuildPhase section */

/* Begin PBXGroup section */
		8E6D05C52F3C51C9003BD458 /* App */ = {
			isa = PBXGroup;
			children = (
				8E6D05C32F3C51C9003BD458 /* ContentView.swift */,
				8E6D05C42F3C51C9003BD458 /* KeyVoxApp.swift */,
			);
			path = App;
			sourceTree = "<group>";
		};
		8E6D05CA2F3C51D6003BD458 /* Services */ = {
			isa = PBXGroup;
			children = (
				8E6D05C82F3C51D6003BD458 /* PasteService.swift */,
				8E6D05C92F3C51D6003BD458 /* WhisperService.swift */,
			);
			path = Services;
			sourceTree = "<group>";
		};
		8E6D05CF2F3C51D6003BD458 /* Core */ = {
			isa = PBXGroup;
			children = (
				8E6D05CA2F3C51D6003BD458 /* Services */,
				8E6D05CB2F3C51D6003BD458 /* AudioRecorder.swift */,
				8E6D05CC2F3C51D6003BD458 /* KeyboardMonitor.swift */,
				8E6D05CD2F3C51D6003BD458 /* ModelDownloader.swift */,
				8E6D05CE2F3C51D6003BD458 /* TranscriptionManager.swift */,
			);
			path = Core;
			sourceTree = "<group>";
		};
		8E6D05D32F3C51D6003BD458 /* Resources */ = {
			isa = PBXGroup;
			children = (
				8E6D05D02F3C51D6003BD458 /* Assets.xcassets */,
				8E6D05D12F3C51D6003BD458 /* Kanit-Medium.ttf */,
				8E6D05D22F3C51D6003BD458 /* keyvox.icon */,
			);
			path = Resources;
			sourceTree = "<group>";
		};
		8E6D05D62F3C51D6003BD458 /* Components */ = {
			isa = PBXGroup;
			children = (
				8E6D05D42F3C51D6003BD458 /* KeyVoxLogo.swift */,
				8E6D05D52F3C51D6003BD458 /* UIComponents.swift */,
			);
			path = Components;
			sourceTree = "<group>";
		};
		8E6D05DB2F3C51D6003BD458 /* Views */ = {
			isa = PBXGroup;
			children = (
				8E6D05D62F3C51D6003BD458 /* Components */,
				8E6D05D72F3C51D6003BD458 /* OnboardingView.swift */,
				8E6D05D82F3C51D6003BD458 /* RecordingOverlay.swift */,
				8E6D05D92F3C51D6003BD458 /* SettingsView.swift */,
				8E6D05DA2F3C51D6003BD458 /* StatusMenuView.swift */,
			);
			path = Views;
			sourceTree = "<group>";
		};
		8EE004512F3BA59900BBAB30 = {
			isa = PBXGroup;
			children = (
				8E6D05CF2F3C51D6003BD458 /* Core */,
				8E6D05D32F3C51D6003BD458 /* Resources */,
				8E6D05DB2F3C51D6003BD458 /* Views */,
				8E6D05C52F3C51C9003BD458 /* App */,
				8EE0049D2F3BA79A00BBAB30 /* Frameworks */,
				8EE0045B2F3BA59900BBAB30 /* Products */,
			);
			sourceTree = "<group>";
		};
		8EE0045B2F3BA59900BBAB30 /* Products */ = {
			isa = PBXGroup;
			children = (
				8EE0045A2F3BA59900BBAB30 /* KeyVox.app */,
			);
			name = Products;
			sourceTree = "<group>";
		};
		8EE0049D2F3BA79A00BBAB30 /* Frameworks */ = {
			isa = PBXGroup;
			children = (
			);
			name = Frameworks;
			sourceTree = "<group>";
		};
/* End PBXGroup section */

/* Begin PBXNativeTarget section */
		8EE004592F3BA59900BBAB30 /* KeyVox */ = {
			isa = PBXNativeTarget;
			buildConfigurationList = 8EE0047B2F3BA59B00BBAB30 /* Build configuration list for PBXNativeTarget "KeyVox" */;
			buildPhases = (
				8EE004562F3BA59900BBAB30 /* Sources */,
				8EE004572F3BA59900BBAB30 /* Frameworks */,
				8EE004582F3BA59900BBAB30 /* Resources */,
			);
			buildRules = (
			);
			dependencies = (
			);
			name = KeyVox;
			packageProductDependencies = (
				8EE0049E2F3BA79A00BBAB30 /* SwiftWhisper */,
			);
			productName = KeyVox;
			productReference = 8EE0045A2F3BA59900BBAB30 /* KeyVox.app */;
			productType = "com.apple.product-type.application";
		};
/* End PBXNativeTarget section */

/* Begin PBXProject section */
		8EE004522F3BA59900BBAB30 /* Project object */ = {
			isa = PBXProject;
			attributes = {
				BuildIndependentTargetsInParallel = 1;
				LastSwiftUpdateCheck = 2630;
				LastUpgradeCheck = 2630;
				TargetAttributes = {
					8EE004592F3BA59900BBAB30 = {
						CreatedOnToolsVersion = 26.3;
					};
				};
			};
			buildConfigurationList = 8EE004552F3BA59900BBAB30 /* Build configuration list for PBXProject "KeyVox" */;
			developmentRegion = en;
			hasScannedForEncodings = 0;
			knownRegions = (
				en,
				Base,
			);
			mainGroup = 8EE004512F3BA59900BBAB30;
			minimizedProjectReferenceProxies = 1;
			packageReferences = (
				8EE0049C2F3BA70100BBAB30 /* XCRemoteSwiftPackageReference "SwiftWhisper" */,
			);
			preferredProjectObjectVersion = 77;
			productRefGroup = 8EE0045B2F3BA59900BBAB30 /* Products */;
			projectDirPath = "";
			projectRoot = "";
			targets = (
				8EE004592F3BA59900BBAB30 /* KeyVox */,
			);
		};
/* End PBXProject section */

/* Begin PBXResourcesBuildPhase section */
		8EE004582F3BA59900BBAB30 /* Resources */ = {
			isa = PBXResourcesBuildPhase;
			buildActionMask = 2147483647;
			files = (
				8E927F652F3C532800C071B3 /* Assets.xcassets in Resources */,
				8E927F662F3C532D00C071B3 /* Kanit-Medium.ttf in Resources */,
				8E927F672F3C533300C071B3 /* keyvox.icon in Resources */,
			);
			runOnlyForDeploymentPostprocessing = 0;
		};
/* End PBXResourcesBuildPhase section */

/* Begin PBXSourcesBuildPhase section */
		8EE004562F3BA59900BBAB30 /* Sources */ = {
			isa = PBXSourcesBuildPhase;
			buildActionMask = 2147483647;
			files = (
				8E6D05DC2F3C523D003BD458 /* StatusMenuView.swift in Sources */,
				8E6D05E42F3C524B003BD458 /* UIComponents.swift in Sources */,
				8E6D05E52F3C524B003BD458 /* KeyVoxLogo.swift in Sources */,
				8E6D05DD2F3C523D003BD458 /* RecordingOverlay.swift in Sources */,
				8E6D05E02F3C5246003BD458 /* ModelDownloader.swift in Sources */,
				8E6D05E12F3C5246003BD458 /* KeyboardMonitor.swift in Sources */,
				8E6D05E22F3C5246003BD458 /* AudioRecorder.swift in Sources */,
				8E6D05E32F3C5246003BD458 /* TranscriptionManager.swift in Sources */,
				8E6D05DE2F3C523D003BD458 /* OnboardingView.swift in Sources */,
				8E6D05E62F3C5251003BD458 /* WhisperService.swift in Sources */,
				8E6D05E72F3C5251003BD458 /* PasteService.swift in Sources */,
				8E6D05DF2F3C523D003BD458 /* SettingsView.swift in Sources */,
				8E6D05C62F3C51C9003BD458 /* ContentView.swift in Sources */,
				8E6D05C72F3C51C9003BD458 /* KeyVoxApp.swift in Sources */,
			);
			runOnlyForDeploymentPostprocessing = 0;
		};
/* End PBXSourcesBuildPhase section */

/* Begin XCBuildConfiguration section */
		8EE004792F3BA59B00BBAB30 /* Debug */ = {
			isa = XCBuildConfiguration;
			buildSettings = {
				ALWAYS_SEARCH_USER_PATHS = NO;
				ASSETCATALOG_COMPILER_GENERATE_SWIFT_ASSET_SYMBOL_EXTENSIONS = YES;
				CLANG_ANALYZER_NONNULL = YES;
				CLANG_ANALYZER_NUMBER_OBJECT_CONVERSION = YES_AGGRESSIVE;
				CLANG_CXX_LANGUAGE_STANDARD = "gnu++20";
				CLANG_ENABLE_MODULES = YES;
				CLANG_ENABLE_OBJC_ARC = YES;
				CLANG_ENABLE_OBJC_WEAK = YES;
				CLANG_WARN_BLOCK_CAPTURE_AUTORELEASING = YES;
				CLANG_WARN_BOOL_CONVERSION = YES;
				CLANG_WARN_COMMA = YES;
				CLANG_WARN_CONSTANT_CONVERSION = YES;
				CLANG_WARN_DEPRECATED_OBJC_IMPLEMENTATIONS = YES;
				CLANG_WARN_DIRECT_OBJC_ISA_USAGE = YES_ERROR;
				CLANG_WARN_DOCUMENTATION_COMMENTS = YES;
				CLANG_WARN_EMPTY_BODY = YES;
				CLANG_WARN_ENUM_CONVERSION = YES;
				CLANG_WARN_INFINITE_RECURSION = YES;
				CLANG_WARN_INT_CONVERSION = YES;
				CLANG_WARN_NON_LITERAL_NULL_CONVERSION = YES;
				CLANG_WARN_OBJC_IMPLICIT_RETAIN_SELF = YES;
				CLANG_WARN_OBJC_LITERAL_CONVERSION = YES;
				CLANG_WARN_OBJC_ROOT_CLASS = YES_ERROR;
				CLANG_WARN_QUOTED_INCLUDE_IN_FRAMEWORK_HEADER = YES;
				CLANG_WARN_RANGE_LOOP_ANALYSIS = YES;
				CLANG_WARN_STRICT_PROTOTYPES = YES;
				CLANG_WARN_SUSPICIOUS_MOVE = YES;
				CLANG_WARN_UNGUARDED_AVAILABILITY = YES_AGGRESSIVE;
				CLANG_WARN_UNREACHABLE_CODE = YES;
				CLANG_WARN__DUPLICATE_METHOD_MATCH = YES;
				COPY_PHASE_STRIP = NO;
				DEBUG_INFORMATION_FORMAT = dwarf;
				DEVELOPMENT_TEAM = U7YT4DBC54;
				ENABLE_STRICT_OBJC_MSGSEND = YES;
				ENABLE_TESTABILITY = YES;
				ENABLE_USER_SCRIPT_SANDBOXING = YES;
				GCC_C_LANGUAGE_STANDARD = gnu17;
				GCC_DYNAMIC_NO_PIC = NO;
				GCC_NO_COMMON_BLOCKS = YES;
				GCC_OPTIMIZATION_LEVEL = 0;
				GCC_PREPROCESSOR_DEFINITIONS = (
					"DEBUG=1",
					"$(inherited)",
				);
				GCC_WARN_64_TO_32_BIT_CONVERSION = YES;
				GCC_WARN_ABOUT_RETURN_TYPE = YES_ERROR;
				GCC_WARN_UNDECLARED_SELECTOR = YES;
				GCC_WARN_UNINITIALIZED_AUTOS = YES_AGGRESSIVE;
				GCC_WARN_UNUSED_FUNCTION = YES;
				GCC_WARN_UNUSED_VARIABLE = YES;
				LOCALIZATION_PREFERS_STRING_CATALOGS = YES;
				MACOSX_DEPLOYMENT_TARGET = 26.2;
				MTL_ENABLE_DEBUG_INFO = INCLUDE_SOURCE;
				MTL_FAST_MATH = YES;
				ONLY_ACTIVE_ARCH = YES;
				SDKROOT = macosx;
				SWIFT_ACTIVE_COMPILATION_CONDITIONS = "DEBUG $(inherited)";
				SWIFT_OPTIMIZATION_LEVEL = "-Onone";
			};
			name = Debug;
		};
		8EE0047A2F3BA59B00BBAB30 /* Release */ = {
			isa = XCBuildConfiguration;
			buildSettings = {
				ALWAYS_SEARCH_USER_PATHS = NO;
				ASSETCATALOG_COMPILER_GENERATE_SWIFT_ASSET_SYMBOL_EXTENSIONS = YES;
				CLANG_ANALYZER_NONNULL = YES;
				CLANG_ANALYZER_NUMBER_OBJECT_CONVERSION = YES_AGGRESSIVE;
				CLANG_CXX_LANGUAGE_STANDARD = "gnu++20";
				CLANG_ENABLE_MODULES = YES;
				CLANG_ENABLE_OBJC_ARC = YES;
				CLANG_ENABLE_OBJC_WEAK = YES;
				CLANG_WARN_BLOCK_CAPTURE_AUTORELEASING = YES;
				CLANG_WARN_BOOL_CONVERSION = YES;
				CLANG_WARN_COMMA = YES;
				CLANG_WARN_CONSTANT_CONVERSION = YES;
				CLANG_WARN_DEPRECATED_OBJC_IMPLEMENTATIONS = YES;
				CLANG_WARN_DIRECT_OBJC_ISA_USAGE = YES_ERROR;
				CLANG_WARN_DOCUMENTATION_COMMENTS = YES;
				CLANG_WARN_EMPTY_BODY = YES;
				CLANG_WARN_ENUM_CONVERSION = YES;
				CLANG_WARN_INFINITE_RECURSION = YES;
				CLANG_WARN_INT_CONVERSION = YES;
				CLANG_WARN_NON_LITERAL_NULL_CONVERSION = YES;
				CLANG_WARN_OBJC_IMPLICIT_RETAIN_SELF = YES;
				CLANG_WARN_OBJC_LITERAL_CONVERSION = YES;
				CLANG_WARN_OBJC_ROOT_CLASS = YES_ERROR;
				CLANG_WARN_QUOTED_INCLUDE_IN_FRAMEWORK_HEADER = YES;
				CLANG_WARN_RANGE_LOOP_ANALYSIS = YES;
				CLANG_WARN_STRICT_PROTOTYPES = YES;
				CLANG_WARN_SUSPICIOUS_MOVE = YES;
				CLANG_WARN_UNGUARDED_AVAILABILITY = YES_AGGRESSIVE;
				CLANG_WARN_UNREACHABLE_CODE = YES;
				CLANG_WARN__DUPLICATE_METHOD_MATCH = YES;
				COPY_PHASE_STRIP = NO;
				DEBUG_INFORMATION_FORMAT = "dwarf-with-dsym";
				DEVELOPMENT_TEAM = U7YT4DBC54;
				ENABLE_NS_ASSERTIONS = NO;
				ENABLE_STRICT_OBJC_MSGSEND = YES;
				ENABLE_USER_SCRIPT_SANDBOXING = YES;
				GCC_C_LANGUAGE_STANDARD = gnu17;
				GCC_NO_COMMON_BLOCKS = YES;
				GCC_WARN_64_TO_32_BIT_CONVERSION = YES;
				GCC_WARN_ABOUT_RETURN_TYPE = YES_ERROR;
				GCC_WARN_UNDECLARED_SELECTOR = YES;
				GCC_WARN_UNINITIALIZED_AUTOS = YES_AGGRESSIVE;
				GCC_WARN_UNUSED_FUNCTION = YES;
				GCC_WARN_UNUSED_VARIABLE = YES;
				LOCALIZATION_PREFERS_STRING_CATALOGS = YES;
				MACOSX_DEPLOYMENT_TARGET = 26.2;
				MTL_ENABLE_DEBUG_INFO = NO;
				MTL_FAST_MATH = YES;
				SDKROOT = macosx;
				SWIFT_COMPILATION_MODE = wholemodule;
			};
			name = Release;
		};
		8EE0047C2F3BA59B00BBAB30 /* Debug */ = {
			isa = XCBuildConfiguration;
			buildSettings = {
				ASSETCATALOG_COMPILER_APPICON_NAME = keyvox;
				ASSETCATALOG_COMPILER_GLOBAL_ACCENT_COLOR_NAME = AccentColor;
				ASSETCATALOG_COMPILER_INCLUDE_ALL_APPICON_ASSETS = YES;
				CODE_SIGN_STYLE = Automatic;
				COMBINE_HIDPI_IMAGES = YES;
				CURRENT_PROJECT_VERSION = 1;
				DEVELOPMENT_TEAM = U7YT4DBC54;
				ENABLE_APP_SANDBOX = NO;
				ENABLE_HARDENED_RUNTIME = YES;
				ENABLE_INCOMING_NETWORK_CONNECTIONS = NO;
				ENABLE_OUTGOING_NETWORK_CONNECTIONS = YES;
				ENABLE_PREVIEWS = YES;
				ENABLE_RESOURCE_ACCESS_AUDIO_INPUT = YES;
				ENABLE_RESOURCE_ACCESS_BLUETOOTH = NO;
				ENABLE_RESOURCE_ACCESS_CALENDARS = NO;
				ENABLE_RESOURCE_ACCESS_CAMERA = NO;
				ENABLE_RESOURCE_ACCESS_CONTACTS = NO;
				ENABLE_RESOURCE_ACCESS_LOCATION = NO;
				ENABLE_RESOURCE_ACCESS_PRINTING = NO;
				ENABLE_RESOURCE_ACCESS_USB = NO;
				ENABLE_USER_SELECTED_FILES = readonly;
				GENERATE_INFOPLIST_FILE = YES;
				INFOPLIST_KEY_CFBundleDisplayName = KeyVox;
				INFOPLIST_KEY_LSApplicationCategoryType = "public.app-category.utilities";
				INFOPLIST_KEY_NSHumanReadableCopyright = "";
				INFOPLIST_KEY_NSMicrophoneUsageDescription = "Transcription requires microphone access.";
				LD_RUNPATH_SEARCH_PATHS = (
					"$(inherited)",
					"@executable_path/../Frameworks",
				);
				MACOSX_DEPLOYMENT_TARGET = 15.6;
				MARKETING_VERSION = 1.0;
				PRODUCT_BUNDLE_IDENTIFIER = com.cueit.keyvox;
				PRODUCT_NAME = "$(TARGET_NAME)";
				REGISTER_APP_GROUPS = YES;
				STRING_CATALOG_GENERATE_SYMBOLS = YES;
				SWIFT_APPROACHABLE_CONCURRENCY = YES;
				SWIFT_DEFAULT_ACTOR_ISOLATION = MainActor;
				SWIFT_EMIT_LOC_STRINGS = YES;
				SWIFT_UPCOMING_FEATURE_MEMBER_IMPORT_VISIBILITY = YES;
				SWIFT_VERSION = 5.0;
			};
			name = Debug;
		};
		8EE0047D2F3BA59B00BBAB30 /* Release */ = {
			isa = XCBuildConfiguration;
			buildSettings = {
				ASSETCATALOG_COMPILER_APPICON_NAME = keyvox;
				ASSETCATALOG_COMPILER_GLOBAL_ACCENT_COLOR_NAME = AccentColor;
				ASSETCATALOG_COMPILER_INCLUDE_ALL_APPICON_ASSETS = YES;
				CODE_SIGN_STYLE = Automatic;
				COMBINE_HIDPI_IMAGES = YES;
				CURRENT_PROJECT_VERSION = 1;
				DEVELOPMENT_TEAM = U7YT4DBC54;
				ENABLE_APP_SANDBOX = NO;
				ENABLE_HARDENED_RUNTIME = YES;
				ENABLE_INCOMING_NETWORK_CONNECTIONS = NO;
				ENABLE_OUTGOING_NETWORK_CONNECTIONS = YES;
				ENABLE_PREVIEWS = YES;
				ENABLE_RESOURCE_ACCESS_AUDIO_INPUT = YES;
				ENABLE_RESOURCE_ACCESS_BLUETOOTH = NO;
				ENABLE_RESOURCE_ACCESS_CALENDARS = NO;
				ENABLE_RESOURCE_ACCESS_CAMERA = NO;
				ENABLE_RESOURCE_ACCESS_CONTACTS = NO;
				ENABLE_RESOURCE_ACCESS_LOCATION = NO;
				ENABLE_RESOURCE_ACCESS_PRINTING = NO;
				ENABLE_RESOURCE_ACCESS_USB = NO;
				ENABLE_USER_SELECTED_FILES = readonly;
				GENERATE_INFOPLIST_FILE = YES;
				INFOPLIST_KEY_CFBundleDisplayName = KeyVox;
				INFOPLIST_KEY_LSApplicationCategoryType = "public.app-category.utilities";
				INFOPLIST_KEY_NSHumanReadableCopyright = "";
				INFOPLIST_KEY_NSMicrophoneUsageDescription = "Transcription requires microphone access.";
				LD_RUNPATH_SEARCH_PATHS = (
					"$(inherited)",
					"@executable_path/../Frameworks",
				);
				MACOSX_DEPLOYMENT_TARGET = 15.6;
				MARKETING_VERSION = 1.0;
				PRODUCT_BUNDLE_IDENTIFIER = com.cueit.keyvox;
				PRODUCT_NAME = "$(TARGET_NAME)";
				REGISTER_APP_GROUPS = YES;
				STRING_CATALOG_GENERATE_SYMBOLS = YES;
				SWIFT_APPROACHABLE_CONCURRENCY = YES;
				SWIFT_DEFAULT_ACTOR_ISOLATION = MainActor;
				SWIFT_EMIT_LOC_STRINGS = YES;
				SWIFT_UPCOMING_FEATURE_MEMBER_IMPORT_VISIBILITY = YES;
				SWIFT_VERSION = 5.0;
			};
			name = Release;
		};
/* End XCBuildConfiguration section */

/* Begin XCConfigurationList section */
		8EE004552F3BA59900BBAB30 /* Build configuration list for PBXProject "KeyVox" */ = {
			isa = XCConfigurationList;
			buildConfigurations = (
				8EE004792F3BA59B00BBAB30 /* Debug */,
				8EE0047A2F3BA59B00BBAB30 /* Release */,
			);
			defaultConfigurationIsVisible = 0;
			defaultConfigurationName = Release;
		};
		8EE0047B2F3BA59B00BBAB30 /* Build configuration list for PBXNativeTarget "KeyVox" */ = {
			isa = XCConfigurationList;
			buildConfigurations = (
				8EE0047C2F3BA59B00BBAB30 /* Debug */,
				8EE0047D2F3BA59B00BBAB30 /* Release */,
			);
			defaultConfigurationIsVisible = 0;
			defaultConfigurationName = Release;
		};
/* End XCConfigurationList section */

/* Begin XCRemoteSwiftPackageReference section */
		8EE0049C2F3BA70100BBAB30 /* XCRemoteSwiftPackageReference "SwiftWhisper" */ = {
			isa = XCRemoteSwiftPackageReference;
			repositoryURL = "https://github.com/exPHAT/SwiftWhisper.git";
			requirement = {
				kind = upToNextMajorVersion;
				minimumVersion = 1.2.0;
			};
		};
/* End XCRemoteSwiftPackageReference section */

/* Begin XCSwiftPackageProductDependency section */
		8EE0049E2F3BA79A00BBAB30 /* SwiftWhisper */ = {
			isa = XCSwiftPackageProductDependency;
			package = 8EE0049C2F3BA70100BBAB30 /* XCRemoteSwiftPackageReference "SwiftWhisper" */;
			productName = SwiftWhisper;
		};
/* End XCSwiftPackageProductDependency section */
	};
	rootObject = 8EE004522F3BA59900BBAB30 /* Project object */;
}
